
Microsoft Visual Studio Solution File, Format Version 12.00
# Visual Studio Version 17
VisualStudioVersion = 17.11.35312.102
MinimumVisualStudioVersion = 10.0.40219.1
Project("{8BC9CEB8-8B4A-11D0-8D11-00A0C91BC942}") = "06_06_完成硬件GPU加速解码DXVA2", "06_06_完成硬件GPU加速解码DXVA2.vcxproj", "{125B395D-9776-439E-8F65-DDCB2386489D}"
EndProject
Global
	GlobalSection(SolutionConfigurationPlatforms) = preSolution
		Debug|x64 = Debug|x64
		Debug|x86 = Debug|x86
		Release|x64 = Release|x64
		Release|x86 = Release|x86
	EndGlobalSection
	GlobalSection(ProjectConfigurationPlatforms) = postSolution
		{125B395D-9776-439E-8F65-DDCB2386489D}.Debug|x64.ActiveCfg = Debug|x64
		{125B395D-9776-439E-8F65-DDCB2386489D}.Debug|x64.Build.0 = Debug|x64
		{125B395D-9776-439E-8F65-DDCB2386489D}.Debug|x86.ActiveCfg = Debug|Win32
		{125B395D-9776-439E-8F65-DDCB2386489D}.Debug|x86.Build.0 = Debug|Win32
		{125B395D-9776-439E-8F65-DDCB2386489D}.Release|x64.ActiveCfg = Release|x64
		{125B395D-9776-439E-8F65-DDCB2386489D}.Release|x64.Build.0 = Release|x64
		{125B395D-9776-439E-8F65-DDCB2386489D}.Release|x86.ActiveCfg = Release|Win32
		{125B395D-9776-439E-8F65-DDCB2386489D}.Release|x86.Build.0 = Release|Win32
	EndGlobalSection
	GlobalSection(SolutionProperties) = preSolution
		HideSolutionNode = FALSE
	EndGlobalSection
	GlobalSection(ExtensibilityGlobals) = postSolution
		SolutionGuid = {5E033C7D-0187-448F-A98C-040B99FF0DA8}
	EndGlobalSection
EndGlobal
