
Microsoft Visual Studio Solution File, Format Version 12.00
# Visual Studio Version 17
VisualStudioVersion = 17.13.35919.96
MinimumVisualStudioVersion = 10.0.40219.1
Project("{8BC9CEB8-8B4A-11D0-8D11-00A0C91BC942}") = "01_BoostAPI_Test", "01_BoostAPI_Test\01_BoostAPI_Test.vcxproj", "{3449B072-E096-4FA2-8274-F325176B39D7}"
EndProject
Project("{8BC9CEB8-8B4A-11D0-8D11-00A0C91BC942}") = "04_Sync_TcpClient", "04_Sync_TcpClient\04_Sync_TcpClient.vcxproj", "{8659B3F1-1FDC-4F97-8E36-AEE1474CA579}"
EndProject
Project("{8BC9CEB8-8B4A-11D0-8D11-00A0C91BC942}") = "04_Sync_TcpServer", "04_Sync_TcpServer\04_Sync_TcpServer.vcxproj", "{B2DD8585-1B33-4C7B-9A56-999C2166862C}"
EndProject
Project("{8BC9CEB8-8B4A-11D0-8D11-00A0C91BC942}") = "05_Async_TcpServer", "05_Async_TcpServer\05_Async_TcpServer.vcxproj", "{9F52B2E7-DBB7-414F-9822-075E6B61E49F}"
EndProject
Project("{8BC9CEB8-8B4A-11D0-8D11-00A0C91BC942}") = "08_Async_TcpServer_TLV", "08_Async_TcpServer_TLV\08_Async_TcpServer_TLV.vcxproj", "{C3D0623C-DC92-45C0-880A-2C9F0D487863}"
EndProject
Project("{8BC9CEB8-8B4A-11D0-8D11-00A0C91BC942}") = "08_Sync_TcpClient_TLV", "08_Sync_TcpClient_TLV\08_Sync_TcpClient_TLV.vcxproj", "{88952246-7640-44C9-A6CE-46A7F9471BAC}"
EndProject
Global
	GlobalSection(SolutionConfigurationPlatforms) = preSolution
		Debug|x64 = Debug|x64
		Debug|x86 = Debug|x86
		Release|x64 = Release|x64
		Release|x86 = Release|x86
	EndGlobalSection
	GlobalSection(ProjectConfigurationPlatforms) = postSolution
		{3449B072-E096-4FA2-8274-F325176B39D7}.Debug|x64.ActiveCfg = Debug|x64
		{3449B072-E096-4FA2-8274-F325176B39D7}.Debug|x64.Build.0 = Debug|x64
		{3449B072-E096-4FA2-8274-F325176B39D7}.Debug|x86.ActiveCfg = Debug|Win32
		{3449B072-E096-4FA2-8274-F325176B39D7}.Debug|x86.Build.0 = Debug|Win32
		{3449B072-E096-4FA2-8274-F325176B39D7}.Release|x64.ActiveCfg = Release|x64
		{3449B072-E096-4FA2-8274-F325176B39D7}.Release|x64.Build.0 = Release|x64
		{3449B072-E096-4FA2-8274-F325176B39D7}.Release|x86.ActiveCfg = Release|Win32
		{3449B072-E096-4FA2-8274-F325176B39D7}.Release|x86.Build.0 = Release|Win32
		{8659B3F1-1FDC-4F97-8E36-AEE1474CA579}.Debug|x64.ActiveCfg = Debug|x64
		{8659B3F1-1FDC-4F97-8E36-AEE1474CA579}.Debug|x64.Build.0 = Debug|x64
		{8659B3F1-1FDC-4F97-8E36-AEE1474CA579}.Debug|x86.ActiveCfg = Debug|Win32
		{8659B3F1-1FDC-4F97-8E36-AEE1474CA579}.Debug|x86.Build.0 = Debug|Win32
		{8659B3F1-1FDC-4F97-8E36-AEE1474CA579}.Release|x64.ActiveCfg = Release|x64
		{8659B3F1-1FDC-4F97-8E36-AEE1474CA579}.Release|x64.Build.0 = Release|x64
		{8659B3F1-1FDC-4F97-8E36-AEE1474CA579}.Release|x86.ActiveCfg = Release|Win32
		{8659B3F1-1FDC-4F97-8E36-AEE1474CA579}.Release|x86.Build.0 = Release|Win32
		{B2DD8585-1B33-4C7B-9A56-999C2166862C}.Debug|x64.ActiveCfg = Debug|x64
		{B2DD8585-1B33-4C7B-9A56-999C2166862C}.Debug|x64.Build.0 = Debug|x64
		{B2DD8585-1B33-4C7B-9A56-999C2166862C}.Debug|x86.ActiveCfg = Debug|Win32
		{B2DD8585-1B33-4C7B-9A56-999C2166862C}.Debug|x86.Build.0 = Debug|Win32
		{B2DD8585-1B33-4C7B-9A56-999C2166862C}.Release|x64.ActiveCfg = Release|x64
		{B2DD8585-1B33-4C7B-9A56-999C2166862C}.Release|x64.Build.0 = Release|x64
		{B2DD8585-1B33-4C7B-9A56-999C2166862C}.Release|x86.ActiveCfg = Release|Win32
		{B2DD8585-1B33-4C7B-9A56-999C2166862C}.Release|x86.Build.0 = Release|Win32
		{9F52B2E7-DBB7-414F-9822-075E6B61E49F}.Debug|x64.ActiveCfg = Debug|x64
		{9F52B2E7-DBB7-414F-9822-075E6B61E49F}.Debug|x64.Build.0 = Debug|x64
		{9F52B2E7-DBB7-414F-9822-075E6B61E49F}.Debug|x86.ActiveCfg = Debug|Win32
		{9F52B2E7-DBB7-414F-9822-075E6B61E49F}.Debug|x86.Build.0 = Debug|Win32
		{9F52B2E7-DBB7-414F-9822-075E6B61E49F}.Release|x64.ActiveCfg = Release|x64
		{9F52B2E7-DBB7-414F-9822-075E6B61E49F}.Release|x64.Build.0 = Release|x64
		{9F52B2E7-DBB7-414F-9822-075E6B61E49F}.Release|x86.ActiveCfg = Release|Win32
		{9F52B2E7-DBB7-414F-9822-075E6B61E49F}.Release|x86.Build.0 = Release|Win32
		{C3D0623C-DC92-45C0-880A-2C9F0D487863}.Debug|x64.ActiveCfg = Debug|x64
		{C3D0623C-DC92-45C0-880A-2C9F0D487863}.Debug|x64.Build.0 = Debug|x64
		{C3D0623C-DC92-45C0-880A-2C9F0D487863}.Debug|x86.ActiveCfg = Debug|Win32
		{C3D0623C-DC92-45C0-880A-2C9F0D487863}.Debug|x86.Build.0 = Debug|Win32
		{C3D0623C-DC92-45C0-880A-2C9F0D487863}.Release|x64.ActiveCfg = Release|x64
		{C3D0623C-DC92-45C0-880A-2C9F0D487863}.Release|x64.Build.0 = Release|x64
		{C3D0623C-DC92-45C0-880A-2C9F0D487863}.Release|x86.ActiveCfg = Release|Win32
		{C3D0623C-DC92-45C0-880A-2C9F0D487863}.Release|x86.Build.0 = Release|Win32
		{88952246-7640-44C9-A6CE-46A7F9471BAC}.Debug|x64.ActiveCfg = Debug|x64
		{88952246-7640-44C9-A6CE-46A7F9471BAC}.Debug|x64.Build.0 = Debug|x64
		{88952246-7640-44C9-A6CE-46A7F9471BAC}.Debug|x86.ActiveCfg = Debug|Win32
		{88952246-7640-44C9-A6CE-46A7F9471BAC}.Debug|x86.Build.0 = Debug|Win32
		{88952246-7640-44C9-A6CE-46A7F9471BAC}.Release|x64.ActiveCfg = Release|x64
		{88952246-7640-44C9-A6CE-46A7F9471BAC}.Release|x64.Build.0 = Release|x64
		{88952246-7640-44C9-A6CE-46A7F9471BAC}.Release|x86.ActiveCfg = Release|Win32
		{88952246-7640-44C9-A6CE-46A7F9471BAC}.Release|x86.Build.0 = Release|Win32
	EndGlobalSection
	GlobalSection(SolutionProperties) = preSolution
		HideSolutionNode = FALSE
	EndGlobalSection
	GlobalSection(ExtensibilityGlobals) = postSolution
		SolutionGuid = {89432F33-5CB4-4E1F-9203-9C1282465D17}
	EndGlobalSection
EndGlobal
