
Microsoft Visual Studio Solution File, Format Version 12.00
# Visual Studio Version 17
VisualStudioVersion = 17.2.32630.192
MinimumVisualStudioVersion = 10.0.40219.1
Project("{FAE04EC0-301F-11D3-BF4B-00C04F79EFBC}") = "委托", "委托\委托.csproj", "{A9EA6A9A-5B35-4653-BD1C-96BB5EA4DEB8}"
EndProject
Global
	GlobalSection(SolutionConfigurationPlatforms) = preSolution
		Debug|Any CPU = Debug|Any CPU
		Release|Any CPU = Release|Any CPU
	EndGlobalSection
	GlobalSection(ProjectConfigurationPlatforms) = postSolution
		{A9EA6A9A-5B35-4653-BD1C-96BB5EA4DEB8}.Debug|Any CPU.ActiveCfg = Debug|Any CPU
		{A9EA6A9A-5B35-4653-BD1C-96BB5EA4DEB8}.Debug|Any CPU.Build.0 = Debug|Any CPU
		{A9EA6A9A-5B35-4653-BD1C-96BB5EA4DEB8}.Release|Any CPU.ActiveCfg = Release|Any CPU
		{A9EA6A9A-5B35-4653-BD1C-96BB5EA4DEB8}.Release|Any CPU.Build.0 = Release|Any CPU
	EndGlobalSection
	GlobalSection(SolutionProperties) = preSolution
		HideSolutionNode = FALSE
	EndGlobalSection
	GlobalSection(ExtensibilityGlobals) = postSolution
		SolutionGuid = {A509C419-2E30-4E91-AE70-B4A63DB56543}
	EndGlobalSection
EndGlobal
