
Microsoft Visual Studio Solution File, Format Version 12.00
# Visual Studio Version 16
VisualStudioVersion = 16.0.32428.217
MinimumVisualStudioVersion = 10.0.40219.1
Project("{8BC9CEB8-8B4A-11D0-8D11-00A0C91BC942}") = "gets函数和fgets函数、puts函数和fputs函数", "gets函数和fgets函数、puts函数和fputs函数\gets函数和fgets函数、puts函数和fputs函数.vcxproj", "{CF85A5DF-ACE6-43EE-A14D-936E5BD878CA}"
EndProject
Global
	GlobalSection(SolutionConfigurationPlatforms) = preSolution
		Debug|x64 = Debug|x64
		Debug|x86 = Debug|x86
		Release|x64 = Release|x64
		Release|x86 = Release|x86
	EndGlobalSection
	GlobalSection(ProjectConfigurationPlatforms) = postSolution
		{CF85A5DF-ACE6-43EE-A14D-936E5BD878CA}.Debug|x64.ActiveCfg = Debug|x64
		{CF85A5DF-ACE6-43EE-A14D-936E5BD878CA}.Debug|x64.Build.0 = Debug|x64
		{CF85A5DF-ACE6-43EE-A14D-936E5BD878CA}.Debug|x86.ActiveCfg = Debug|Win32
		{CF85A5DF-ACE6-43EE-A14D-936E5BD878CA}.Debug|x86.Build.0 = Debug|Win32
		{CF85A5DF-ACE6-43EE-A14D-936E5BD878CA}.Release|x64.ActiveCfg = Release|x64
		{CF85A5DF-ACE6-43EE-A14D-936E5BD878CA}.Release|x64.Build.0 = Release|x64
		{CF85A5DF-ACE6-43EE-A14D-936E5BD878CA}.Release|x86.ActiveCfg = Release|Win32
		{CF85A5DF-ACE6-43EE-A14D-936E5BD878CA}.Release|x86.Build.0 = Release|Win32
	EndGlobalSection
	GlobalSection(SolutionProperties) = preSolution
		HideSolutionNode = FALSE
	EndGlobalSection
	GlobalSection(ExtensibilityGlobals) = postSolution
		SolutionGuid = {A647AE4B-92C2-4D9E-8D81-FF3500D391D6}
	EndGlobalSection
EndGlobal
