
Microsoft Visual Studio Solution File, Format Version 12.00
# Visual Studio Version 17
VisualStudioVersion = 17.2.32630.192
MinimumVisualStudioVersion = 10.0.40219.1
Project("{FAE04EC0-301F-11D3-BF4B-00C04F79EFBC}") = "Client", "Client\Client.csproj", "{5C114BFA-2AA5-48FB-B9D1-D99307F1034A}"
EndProject
Global
	GlobalSection(SolutionConfigurationPlatforms) = preSolution
		Debug|Any CPU = Debug|Any CPU
		Release|Any CPU = Release|Any CPU
	EndGlobalSection
	GlobalSection(ProjectConfigurationPlatforms) = postSolution
		{5C114BFA-2AA5-48FB-B9D1-D99307F1034A}.Debug|Any CPU.ActiveCfg = Debug|Any CPU
		{5C114BFA-2AA5-48FB-B9D1-D99307F1034A}.Debug|Any CPU.Build.0 = Debug|Any CPU
		{5C114BFA-2AA5-48FB-B9D1-D99307F1034A}.Release|Any CPU.ActiveCfg = Release|Any CPU
		{5C114BFA-2AA5-48FB-B9D1-D99307F1034A}.Release|Any CPU.Build.0 = Release|Any CPU
	EndGlobalSection
	GlobalSection(SolutionProperties) = preSolution
		HideSolutionNode = FALSE
	EndGlobalSection
	GlobalSection(ExtensibilityGlobals) = postSolution
		SolutionGuid = {DAE96979-2F9B-4623-9089-A31EEB6D1B58}
	EndGlobalSection
EndGlobal
