
Microsoft Visual Studio Solution File, Format Version 12.00
# Visual Studio Version 17
VisualStudioVersion = 17.7.34221.43
MinimumVisualStudioVersion = 10.0.40219.1
Project("{8BC9CEB8-8B4A-11D0-8D11-00A0C91BC942}") = "01_单例模式", "01_单例模式\01_单例模式.vcxproj", "{D37D858B-F059-4E1E-93DA-F72700F50FC0}"
EndProject
Project("{8BC9CEB8-8B4A-11D0-8D11-00A0C91BC942}") = "01_单例模式_实现多线程模式下的任务队列", "01_单例模式_实现多线程模式下的任务队列\01_单例模式_实现多线程模式下的任务队列.vcxproj", "{C32225B2-6986-4301-988B-2C5DC436ABE1}"
EndProject
Project("{8BC9CEB8-8B4A-11D0-8D11-00A0C91BC942}") = "02_简单工厂模式", "02_简单工厂模式\02_简单工厂模式.vcxproj", "{B14E23AD-C81F-4442-9286-A29C155F8D07}"
EndProject
Project("{8BC9CEB8-8B4A-11D0-8D11-00A0C91BC942}") = "05_建造者模式", "05_建造者模式\05_建造者模式.vcxproj", "{F1396EA4-E753-4AF3-AB5D-AF576C06E5F2}"
EndProject
Project("{8BC9CEB8-8B4A-11D0-8D11-00A0C91BC942}") = "04_抽象工厂模式", "04_抽象工厂模式\04_抽象工厂模式.vcxproj", "{EC6368EC-DD78-4F33-AF14-AD88FA09FA90}"
EndProject
Project("{8BC9CEB8-8B4A-11D0-8D11-00A0C91BC942}") = "03_工厂模式", "03_工厂模式\03_工厂模式.vcxproj", "{37EC9728-63B5-4FB4-8C19-DDD6240FDBEF}"
EndProject
Project("{8BC9CEB8-8B4A-11D0-8D11-00A0C91BC942}") = "06_原型模式", "06_原型模式\06_原型模式.vcxproj", "{636B8F78-21FF-4844-A625-13A1EDBE7CEE}"
EndProject
Project("{8BC9CEB8-8B4A-11D0-8D11-00A0C91BC942}") = "07_适配器模式", "07_适配器模式\07_适配器模式.vcxproj", "{7BEA4B74-D36F-454F-A7DB-1480969365FB}"
EndProject
Project("{8BC9CEB8-8B4A-11D0-8D11-00A0C91BC942}") = "08_桥接模式", "08_桥接模式\08_桥接模式.vcxproj", "{FF4C478C-29EA-4DA9-B223-41C9A1254436}"
EndProject
Project("{8BC9CEB8-8B4A-11D0-8D11-00A0C91BC942}") = "09_组合模式", "09_组合模式\09_组合模式.vcxproj", "{EF763125-29C1-4F37-BF22-10554D29A556}"
EndProject
Project("{8BC9CEB8-8B4A-11D0-8D11-00A0C91BC942}") = "10_装饰模式", "10_装饰模式\10_装饰模式.vcxproj", "{E942903B-F74F-418C-B1A3-C3EEFC947719}"
EndProject
Project("{8BC9CEB8-8B4A-11D0-8D11-00A0C91BC942}") = "11_外观模式", "11_外观模式\11_外观模式.vcxproj", "{9F7D562F-69C9-48D3-88F3-C69AF2A4C7A7}"
EndProject
Project("{8BC9CEB8-8B4A-11D0-8D11-00A0C91BC942}") = "12_享元模式", "12_享元模式\12_享元模式.vcxproj", "{56383A6D-4D48-45C1-B8DD-08BF9BCA8021}"
EndProject
Project("{8BC9CEB8-8B4A-11D0-8D11-00A0C91BC942}") = "13_代理模式", "13_代理模式\13_代理模式.vcxproj", "{7A618872-8E8C-4C5C-A048-5FE3F71DEFDC}"
EndProject
Project("{8BC9CEB8-8B4A-11D0-8D11-00A0C91BC942}") = "14_责任链模式", "14_责任链模式\14_责任链模式.vcxproj", "{226A954C-87B1-47D4-B75C-600AD5C6EF79}"
EndProject
Project("{8BC9CEB8-8B4A-11D0-8D11-00A0C91BC942}") = "15_命令模式", "15_命令模式\15_命令模式.vcxproj", "{0390516F-3ABA-4C32-BDAB-C3E3E14D8E5E}"
EndProject
Project("{8BC9CEB8-8B4A-11D0-8D11-00A0C91BC942}") = "16_迭代器模式", "16_迭代器模式\16_迭代器模式.vcxproj", "{BE6A177D-A5EB-4EFD-880A-72748331595A}"
EndProject
Project("{8BC9CEB8-8B4A-11D0-8D11-00A0C91BC942}") = "17_中介者模式", "17_中介者模式\17_中介者模式.vcxproj", "{3C2A81C3-4290-422C-9B24-1A4E2923153D}"
EndProject
Project("{8BC9CEB8-8B4A-11D0-8D11-00A0C91BC942}") = "18_备忘录模式", "18_备忘录模式\18_备忘录模式.vcxproj", "{033279CB-DC78-4247-8751-E492D5BD9F51}"
EndProject
Project("{8BC9CEB8-8B4A-11D0-8D11-00A0C91BC942}") = "19_观察者模式", "19_观察者模式\19_观察者模式.vcxproj", "{60A74EBB-6919-4A05-BE24-876F3BBD11D1}"
EndProject
Project("{8BC9CEB8-8B4A-11D0-8D11-00A0C91BC942}") = "20_策略模式", "20_策略模式\20_策略模式.vcxproj", "{3302D327-116A-4AA5-BC18-2FEFF868A09F}"
EndProject
Project("{8BC9CEB8-8B4A-11D0-8D11-00A0C91BC942}") = "21_状态模式", "21_状态模式\21_状态模式.vcxproj", "{B1542D89-32B7-4C21-8694-E8A81859E937}"
EndProject
Project("{8BC9CEB8-8B4A-11D0-8D11-00A0C91BC942}") = "22_模板方法模式", "22_模板方法模式\22_模板方法模式.vcxproj", "{02C66DDD-E2B9-4CC1-9E5C-EC4AB36CB661}"
EndProject
Project("{8BC9CEB8-8B4A-11D0-8D11-00A0C91BC942}") = "23_访问者模式", "23_访问者模式\23_访问者模式.vcxproj", "{4AD01CEC-8664-44CE-9D9A-25054D3B13E4}"
EndProject
Global
	GlobalSection(SolutionConfigurationPlatforms) = preSolution
		Debug|x64 = Debug|x64
		Debug|x86 = Debug|x86
		Release|x64 = Release|x64
		Release|x86 = Release|x86
	EndGlobalSection
	GlobalSection(ProjectConfigurationPlatforms) = postSolution
		{D37D858B-F059-4E1E-93DA-F72700F50FC0}.Debug|x64.ActiveCfg = Debug|x64
		{D37D858B-F059-4E1E-93DA-F72700F50FC0}.Debug|x64.Build.0 = Debug|x64
		{D37D858B-F059-4E1E-93DA-F72700F50FC0}.Debug|x86.ActiveCfg = Debug|Win32
		{D37D858B-F059-4E1E-93DA-F72700F50FC0}.Debug|x86.Build.0 = Debug|Win32
		{D37D858B-F059-4E1E-93DA-F72700F50FC0}.Release|x64.ActiveCfg = Release|x64
		{D37D858B-F059-4E1E-93DA-F72700F50FC0}.Release|x64.Build.0 = Release|x64
		{D37D858B-F059-4E1E-93DA-F72700F50FC0}.Release|x86.ActiveCfg = Release|Win32
		{D37D858B-F059-4E1E-93DA-F72700F50FC0}.Release|x86.Build.0 = Release|Win32
		{C32225B2-6986-4301-988B-2C5DC436ABE1}.Debug|x64.ActiveCfg = Debug|x64
		{C32225B2-6986-4301-988B-2C5DC436ABE1}.Debug|x64.Build.0 = Debug|x64
		{C32225B2-6986-4301-988B-2C5DC436ABE1}.Debug|x86.ActiveCfg = Debug|Win32
		{C32225B2-6986-4301-988B-2C5DC436ABE1}.Debug|x86.Build.0 = Debug|Win32
		{C32225B2-6986-4301-988B-2C5DC436ABE1}.Release|x64.ActiveCfg = Release|x64
		{C32225B2-6986-4301-988B-2C5DC436ABE1}.Release|x64.Build.0 = Release|x64
		{C32225B2-6986-4301-988B-2C5DC436ABE1}.Release|x86.ActiveCfg = Release|Win32
		{C32225B2-6986-4301-988B-2C5DC436ABE1}.Release|x86.Build.0 = Release|Win32
		{B14E23AD-C81F-4442-9286-A29C155F8D07}.Debug|x64.ActiveCfg = Debug|x64
		{B14E23AD-C81F-4442-9286-A29C155F8D07}.Debug|x64.Build.0 = Debug|x64
		{B14E23AD-C81F-4442-9286-A29C155F8D07}.Debug|x86.ActiveCfg = Debug|Win32
		{B14E23AD-C81F-4442-9286-A29C155F8D07}.Debug|x86.Build.0 = Debug|Win32
		{B14E23AD-C81F-4442-9286-A29C155F8D07}.Release|x64.ActiveCfg = Release|x64
		{B14E23AD-C81F-4442-9286-A29C155F8D07}.Release|x64.Build.0 = Release|x64
		{B14E23AD-C81F-4442-9286-A29C155F8D07}.Release|x86.ActiveCfg = Release|Win32
		{B14E23AD-C81F-4442-9286-A29C155F8D07}.Release|x86.Build.0 = Release|Win32
		{F1396EA4-E753-4AF3-AB5D-AF576C06E5F2}.Debug|x64.ActiveCfg = Debug|x64
		{F1396EA4-E753-4AF3-AB5D-AF576C06E5F2}.Debug|x64.Build.0 = Debug|x64
		{F1396EA4-E753-4AF3-AB5D-AF576C06E5F2}.Debug|x86.ActiveCfg = Debug|Win32
		{F1396EA4-E753-4AF3-AB5D-AF576C06E5F2}.Debug|x86.Build.0 = Debug|Win32
		{F1396EA4-E753-4AF3-AB5D-AF576C06E5F2}.Release|x64.ActiveCfg = Release|x64
		{F1396EA4-E753-4AF3-AB5D-AF576C06E5F2}.Release|x64.Build.0 = Release|x64
		{F1396EA4-E753-4AF3-AB5D-AF576C06E5F2}.Release|x86.ActiveCfg = Release|Win32
		{F1396EA4-E753-4AF3-AB5D-AF576C06E5F2}.Release|x86.Build.0 = Release|Win32
		{EC6368EC-DD78-4F33-AF14-AD88FA09FA90}.Debug|x64.ActiveCfg = Debug|x64
		{EC6368EC-DD78-4F33-AF14-AD88FA09FA90}.Debug|x64.Build.0 = Debug|x64
		{EC6368EC-DD78-4F33-AF14-AD88FA09FA90}.Debug|x86.ActiveCfg = Debug|Win32
		{EC6368EC-DD78-4F33-AF14-AD88FA09FA90}.Debug|x86.Build.0 = Debug|Win32
		{EC6368EC-DD78-4F33-AF14-AD88FA09FA90}.Release|x64.ActiveCfg = Release|x64
		{EC6368EC-DD78-4F33-AF14-AD88FA09FA90}.Release|x64.Build.0 = Release|x64
		{EC6368EC-DD78-4F33-AF14-AD88FA09FA90}.Release|x86.ActiveCfg = Release|Win32
		{EC6368EC-DD78-4F33-AF14-AD88FA09FA90}.Release|x86.Build.0 = Release|Win32
		{37EC9728-63B5-4FB4-8C19-DDD6240FDBEF}.Debug|x64.ActiveCfg = Debug|x64
		{37EC9728-63B5-4FB4-8C19-DDD6240FDBEF}.Debug|x64.Build.0 = Debug|x64
		{37EC9728-63B5-4FB4-8C19-DDD6240FDBEF}.Debug|x86.ActiveCfg = Debug|Win32
		{37EC9728-63B5-4FB4-8C19-DDD6240FDBEF}.Debug|x86.Build.0 = Debug|Win32
		{37EC9728-63B5-4FB4-8C19-DDD6240FDBEF}.Release|x64.ActiveCfg = Release|x64
		{37EC9728-63B5-4FB4-8C19-DDD6240FDBEF}.Release|x64.Build.0 = Release|x64
		{37EC9728-63B5-4FB4-8C19-DDD6240FDBEF}.Release|x86.ActiveCfg = Release|Win32
		{37EC9728-63B5-4FB4-8C19-DDD6240FDBEF}.Release|x86.Build.0 = Release|Win32
		{636B8F78-21FF-4844-A625-13A1EDBE7CEE}.Debug|x64.ActiveCfg = Debug|x64
		{636B8F78-21FF-4844-A625-13A1EDBE7CEE}.Debug|x64.Build.0 = Debug|x64
		{636B8F78-21FF-4844-A625-13A1EDBE7CEE}.Debug|x86.ActiveCfg = Debug|Win32
		{636B8F78-21FF-4844-A625-13A1EDBE7CEE}.Debug|x86.Build.0 = Debug|Win32
		{636B8F78-21FF-4844-A625-13A1EDBE7CEE}.Release|x64.ActiveCfg = Release|x64
		{636B8F78-21FF-4844-A625-13A1EDBE7CEE}.Release|x64.Build.0 = Release|x64
		{636B8F78-21FF-4844-A625-13A1EDBE7CEE}.Release|x86.ActiveCfg = Release|Win32
		{636B8F78-21FF-4844-A625-13A1EDBE7CEE}.Release|x86.Build.0 = Release|Win32
		{7BEA4B74-D36F-454F-A7DB-1480969365FB}.Debug|x64.ActiveCfg = Debug|x64
		{7BEA4B74-D36F-454F-A7DB-1480969365FB}.Debug|x64.Build.0 = Debug|x64
		{7BEA4B74-D36F-454F-A7DB-1480969365FB}.Debug|x86.ActiveCfg = Debug|Win32
		{7BEA4B74-D36F-454F-A7DB-1480969365FB}.Debug|x86.Build.0 = Debug|Win32
		{7BEA4B74-D36F-454F-A7DB-1480969365FB}.Release|x64.ActiveCfg = Release|x64
		{7BEA4B74-D36F-454F-A7DB-1480969365FB}.Release|x64.Build.0 = Release|x64
		{7BEA4B74-D36F-454F-A7DB-1480969365FB}.Release|x86.ActiveCfg = Release|Win32
		{7BEA4B74-D36F-454F-A7DB-1480969365FB}.Release|x86.Build.0 = Release|Win32
		{FF4C478C-29EA-4DA9-B223-41C9A1254436}.Debug|x64.ActiveCfg = Debug|x64
		{FF4C478C-29EA-4DA9-B223-41C9A1254436}.Debug|x64.Build.0 = Debug|x64
		{FF4C478C-29EA-4DA9-B223-41C9A1254436}.Debug|x86.ActiveCfg = Debug|Win32
		{FF4C478C-29EA-4DA9-B223-41C9A1254436}.Debug|x86.Build.0 = Debug|Win32
		{FF4C478C-29EA-4DA9-B223-41C9A1254436}.Release|x64.ActiveCfg = Release|x64
		{FF4C478C-29EA-4DA9-B223-41C9A1254436}.Release|x64.Build.0 = Release|x64
		{FF4C478C-29EA-4DA9-B223-41C9A1254436}.Release|x86.ActiveCfg = Release|Win32
		{FF4C478C-29EA-4DA9-B223-41C9A1254436}.Release|x86.Build.0 = Release|Win32
		{EF763125-29C1-4F37-BF22-10554D29A556}.Debug|x64.ActiveCfg = Debug|x64
		{EF763125-29C1-4F37-BF22-10554D29A556}.Debug|x64.Build.0 = Debug|x64
		{EF763125-29C1-4F37-BF22-10554D29A556}.Debug|x86.ActiveCfg = Debug|Win32
		{EF763125-29C1-4F37-BF22-10554D29A556}.Debug|x86.Build.0 = Debug|Win32
		{EF763125-29C1-4F37-BF22-10554D29A556}.Release|x64.ActiveCfg = Release|x64
		{EF763125-29C1-4F37-BF22-10554D29A556}.Release|x64.Build.0 = Release|x64
		{EF763125-29C1-4F37-BF22-10554D29A556}.Release|x86.ActiveCfg = Release|Win32
		{EF763125-29C1-4F37-BF22-10554D29A556}.Release|x86.Build.0 = Release|Win32
		{E942903B-F74F-418C-B1A3-C3EEFC947719}.Debug|x64.ActiveCfg = Debug|x64
		{E942903B-F74F-418C-B1A3-C3EEFC947719}.Debug|x64.Build.0 = Debug|x64
		{E942903B-F74F-418C-B1A3-C3EEFC947719}.Debug|x86.ActiveCfg = Debug|Win32
		{E942903B-F74F-418C-B1A3-C3EEFC947719}.Debug|x86.Build.0 = Debug|Win32
		{E942903B-F74F-418C-B1A3-C3EEFC947719}.Release|x64.ActiveCfg = Release|x64
		{E942903B-F74F-418C-B1A3-C3EEFC947719}.Release|x64.Build.0 = Release|x64
		{E942903B-F74F-418C-B1A3-C3EEFC947719}.Release|x86.ActiveCfg = Release|Win32
		{E942903B-F74F-418C-B1A3-C3EEFC947719}.Release|x86.Build.0 = Release|Win32
		{9F7D562F-69C9-48D3-88F3-C69AF2A4C7A7}.Debug|x64.ActiveCfg = Debug|x64
		{9F7D562F-69C9-48D3-88F3-C69AF2A4C7A7}.Debug|x64.Build.0 = Debug|x64
		{9F7D562F-69C9-48D3-88F3-C69AF2A4C7A7}.Debug|x86.ActiveCfg = Debug|Win32
		{9F7D562F-69C9-48D3-88F3-C69AF2A4C7A7}.Debug|x86.Build.0 = Debug|Win32
		{9F7D562F-69C9-48D3-88F3-C69AF2A4C7A7}.Release|x64.ActiveCfg = Release|x64
		{9F7D562F-69C9-48D3-88F3-C69AF2A4C7A7}.Release|x64.Build.0 = Release|x64
		{9F7D562F-69C9-48D3-88F3-C69AF2A4C7A7}.Release|x86.ActiveCfg = Release|Win32
		{9F7D562F-69C9-48D3-88F3-C69AF2A4C7A7}.Release|x86.Build.0 = Release|Win32
		{56383A6D-4D48-45C1-B8DD-08BF9BCA8021}.Debug|x64.ActiveCfg = Debug|x64
		{56383A6D-4D48-45C1-B8DD-08BF9BCA8021}.Debug|x64.Build.0 = Debug|x64
		{56383A6D-4D48-45C1-B8DD-08BF9BCA8021}.Debug|x86.ActiveCfg = Debug|Win32
		{56383A6D-4D48-45C1-B8DD-08BF9BCA8021}.Debug|x86.Build.0 = Debug|Win32
		{56383A6D-4D48-45C1-B8DD-08BF9BCA8021}.Release|x64.ActiveCfg = Release|x64
		{56383A6D-4D48-45C1-B8DD-08BF9BCA8021}.Release|x64.Build.0 = Release|x64
		{56383A6D-4D48-45C1-B8DD-08BF9BCA8021}.Release|x86.ActiveCfg = Release|Win32
		{56383A6D-4D48-45C1-B8DD-08BF9BCA8021}.Release|x86.Build.0 = Release|Win32
		{7A618872-8E8C-4C5C-A048-5FE3F71DEFDC}.Debug|x64.ActiveCfg = Debug|x64
		{7A618872-8E8C-4C5C-A048-5FE3F71DEFDC}.Debug|x64.Build.0 = Debug|x64
		{7A618872-8E8C-4C5C-A048-5FE3F71DEFDC}.Debug|x86.ActiveCfg = Debug|Win32
		{7A618872-8E8C-4C5C-A048-5FE3F71DEFDC}.Debug|x86.Build.0 = Debug|Win32
		{7A618872-8E8C-4C5C-A048-5FE3F71DEFDC}.Release|x64.ActiveCfg = Release|x64
		{7A618872-8E8C-4C5C-A048-5FE3F71DEFDC}.Release|x64.Build.0 = Release|x64
		{7A618872-8E8C-4C5C-A048-5FE3F71DEFDC}.Release|x86.ActiveCfg = Release|Win32
		{7A618872-8E8C-4C5C-A048-5FE3F71DEFDC}.Release|x86.Build.0 = Release|Win32
		{226A954C-87B1-47D4-B75C-600AD5C6EF79}.Debug|x64.ActiveCfg = Debug|x64
		{226A954C-87B1-47D4-B75C-600AD5C6EF79}.Debug|x64.Build.0 = Debug|x64
		{226A954C-87B1-47D4-B75C-600AD5C6EF79}.Debug|x86.ActiveCfg = Debug|Win32
		{226A954C-87B1-47D4-B75C-600AD5C6EF79}.Debug|x86.Build.0 = Debug|Win32
		{226A954C-87B1-47D4-B75C-600AD5C6EF79}.Release|x64.ActiveCfg = Release|x64
		{226A954C-87B1-47D4-B75C-600AD5C6EF79}.Release|x64.Build.0 = Release|x64
		{226A954C-87B1-47D4-B75C-600AD5C6EF79}.Release|x86.ActiveCfg = Release|Win32
		{226A954C-87B1-47D4-B75C-600AD5C6EF79}.Release|x86.Build.0 = Release|Win32
		{0390516F-3ABA-4C32-BDAB-C3E3E14D8E5E}.Debug|x64.ActiveCfg = Debug|x64
		{0390516F-3ABA-4C32-BDAB-C3E3E14D8E5E}.Debug|x64.Build.0 = Debug|x64
		{0390516F-3ABA-4C32-BDAB-C3E3E14D8E5E}.Debug|x86.ActiveCfg = Debug|Win32
		{0390516F-3ABA-4C32-BDAB-C3E3E14D8E5E}.Debug|x86.Build.0 = Debug|Win32
		{0390516F-3ABA-4C32-BDAB-C3E3E14D8E5E}.Release|x64.ActiveCfg = Release|x64
		{0390516F-3ABA-4C32-BDAB-C3E3E14D8E5E}.Release|x64.Build.0 = Release|x64
		{0390516F-3ABA-4C32-BDAB-C3E3E14D8E5E}.Release|x86.ActiveCfg = Release|Win32
		{0390516F-3ABA-4C32-BDAB-C3E3E14D8E5E}.Release|x86.Build.0 = Release|Win32
		{BE6A177D-A5EB-4EFD-880A-72748331595A}.Debug|x64.ActiveCfg = Debug|x64
		{BE6A177D-A5EB-4EFD-880A-72748331595A}.Debug|x64.Build.0 = Debug|x64
		{BE6A177D-A5EB-4EFD-880A-72748331595A}.Debug|x86.ActiveCfg = Debug|Win32
		{BE6A177D-A5EB-4EFD-880A-72748331595A}.Debug|x86.Build.0 = Debug|Win32
		{BE6A177D-A5EB-4EFD-880A-72748331595A}.Release|x64.ActiveCfg = Release|x64
		{BE6A177D-A5EB-4EFD-880A-72748331595A}.Release|x64.Build.0 = Release|x64
		{BE6A177D-A5EB-4EFD-880A-72748331595A}.Release|x86.ActiveCfg = Release|Win32
		{BE6A177D-A5EB-4EFD-880A-72748331595A}.Release|x86.Build.0 = Release|Win32
		{3C2A81C3-4290-422C-9B24-1A4E2923153D}.Debug|x64.ActiveCfg = Debug|x64
		{3C2A81C3-4290-422C-9B24-1A4E2923153D}.Debug|x64.Build.0 = Debug|x64
		{3C2A81C3-4290-422C-9B24-1A4E2923153D}.Debug|x86.ActiveCfg = Debug|Win32
		{3C2A81C3-4290-422C-9B24-1A4E2923153D}.Debug|x86.Build.0 = Debug|Win32
		{3C2A81C3-4290-422C-9B24-1A4E2923153D}.Release|x64.ActiveCfg = Release|x64
		{3C2A81C3-4290-422C-9B24-1A4E2923153D}.Release|x64.Build.0 = Release|x64
		{3C2A81C3-4290-422C-9B24-1A4E2923153D}.Release|x86.ActiveCfg = Release|Win32
		{3C2A81C3-4290-422C-9B24-1A4E2923153D}.Release|x86.Build.0 = Release|Win32
		{033279CB-DC78-4247-8751-E492D5BD9F51}.Debug|x64.ActiveCfg = Debug|x64
		{033279CB-DC78-4247-8751-E492D5BD9F51}.Debug|x64.Build.0 = Debug|x64
		{033279CB-DC78-4247-8751-E492D5BD9F51}.Debug|x86.ActiveCfg = Debug|Win32
		{033279CB-DC78-4247-8751-E492D5BD9F51}.Debug|x86.Build.0 = Debug|Win32
		{033279CB-DC78-4247-8751-E492D5BD9F51}.Release|x64.ActiveCfg = Release|x64
		{033279CB-DC78-4247-8751-E492D5BD9F51}.Release|x64.Build.0 = Release|x64
		{033279CB-DC78-4247-8751-E492D5BD9F51}.Release|x86.ActiveCfg = Release|Win32
		{033279CB-DC78-4247-8751-E492D5BD9F51}.Release|x86.Build.0 = Release|Win32
		{60A74EBB-6919-4A05-BE24-876F3BBD11D1}.Debug|x64.ActiveCfg = Debug|x64
		{60A74EBB-6919-4A05-BE24-876F3BBD11D1}.Debug|x64.Build.0 = Debug|x64
		{60A74EBB-6919-4A05-BE24-876F3BBD11D1}.Debug|x86.ActiveCfg = Debug|Win32
		{60A74EBB-6919-4A05-BE24-876F3BBD11D1}.Debug|x86.Build.0 = Debug|Win32
		{60A74EBB-6919-4A05-BE24-876F3BBD11D1}.Release|x64.ActiveCfg = Release|x64
		{60A74EBB-6919-4A05-BE24-876F3BBD11D1}.Release|x64.Build.0 = Release|x64
		{60A74EBB-6919-4A05-BE24-876F3BBD11D1}.Release|x86.ActiveCfg = Release|Win32
		{60A74EBB-6919-4A05-BE24-876F3BBD11D1}.Release|x86.Build.0 = Release|Win32
		{3302D327-116A-4AA5-BC18-2FEFF868A09F}.Debug|x64.ActiveCfg = Debug|x64
		{3302D327-116A-4AA5-BC18-2FEFF868A09F}.Debug|x64.Build.0 = Debug|x64
		{3302D327-116A-4AA5-BC18-2FEFF868A09F}.Debug|x86.ActiveCfg = Debug|Win32
		{3302D327-116A-4AA5-BC18-2FEFF868A09F}.Debug|x86.Build.0 = Debug|Win32
		{3302D327-116A-4AA5-BC18-2FEFF868A09F}.Release|x64.ActiveCfg = Release|x64
		{3302D327-116A-4AA5-BC18-2FEFF868A09F}.Release|x64.Build.0 = Release|x64
		{3302D327-116A-4AA5-BC18-2FEFF868A09F}.Release|x86.ActiveCfg = Release|Win32
		{3302D327-116A-4AA5-BC18-2FEFF868A09F}.Release|x86.Build.0 = Release|Win32
		{B1542D89-32B7-4C21-8694-E8A81859E937}.Debug|x64.ActiveCfg = Debug|x64
		{B1542D89-32B7-4C21-8694-E8A81859E937}.Debug|x64.Build.0 = Debug|x64
		{B1542D89-32B7-4C21-8694-E8A81859E937}.Debug|x86.ActiveCfg = Debug|Win32
		{B1542D89-32B7-4C21-8694-E8A81859E937}.Debug|x86.Build.0 = Debug|Win32
		{B1542D89-32B7-4C21-8694-E8A81859E937}.Release|x64.ActiveCfg = Release|x64
		{B1542D89-32B7-4C21-8694-E8A81859E937}.Release|x64.Build.0 = Release|x64
		{B1542D89-32B7-4C21-8694-E8A81859E937}.Release|x86.ActiveCfg = Release|Win32
		{B1542D89-32B7-4C21-8694-E8A81859E937}.Release|x86.Build.0 = Release|Win32
		{02C66DDD-E2B9-4CC1-9E5C-EC4AB36CB661}.Debug|x64.ActiveCfg = Debug|x64
		{02C66DDD-E2B9-4CC1-9E5C-EC4AB36CB661}.Debug|x64.Build.0 = Debug|x64
		{02C66DDD-E2B9-4CC1-9E5C-EC4AB36CB661}.Debug|x86.ActiveCfg = Debug|Win32
		{02C66DDD-E2B9-4CC1-9E5C-EC4AB36CB661}.Debug|x86.Build.0 = Debug|Win32
		{02C66DDD-E2B9-4CC1-9E5C-EC4AB36CB661}.Release|x64.ActiveCfg = Release|x64
		{02C66DDD-E2B9-4CC1-9E5C-EC4AB36CB661}.Release|x64.Build.0 = Release|x64
		{02C66DDD-E2B9-4CC1-9E5C-EC4AB36CB661}.Release|x86.ActiveCfg = Release|Win32
		{02C66DDD-E2B9-4CC1-9E5C-EC4AB36CB661}.Release|x86.Build.0 = Release|Win32
		{4AD01CEC-8664-44CE-9D9A-25054D3B13E4}.Debug|x64.ActiveCfg = Debug|x64
		{4AD01CEC-8664-44CE-9D9A-25054D3B13E4}.Debug|x64.Build.0 = Debug|x64
		{4AD01CEC-8664-44CE-9D9A-25054D3B13E4}.Debug|x86.ActiveCfg = Debug|Win32
		{4AD01CEC-8664-44CE-9D9A-25054D3B13E4}.Debug|x86.Build.0 = Debug|Win32
		{4AD01CEC-8664-44CE-9D9A-25054D3B13E4}.Release|x64.ActiveCfg = Release|x64
		{4AD01CEC-8664-44CE-9D9A-25054D3B13E4}.Release|x64.Build.0 = Release|x64
		{4AD01CEC-8664-44CE-9D9A-25054D3B13E4}.Release|x86.ActiveCfg = Release|Win32
		{4AD01CEC-8664-44CE-9D9A-25054D3B13E4}.Release|x86.Build.0 = Release|Win32
	EndGlobalSection
	GlobalSection(SolutionProperties) = preSolution
		HideSolutionNode = FALSE
	EndGlobalSection
	GlobalSection(ExtensibilityGlobals) = postSolution
		SolutionGuid = {DC0EDDEC-EA74-451A-A478-E66B45EF516E}
	EndGlobalSection
EndGlobal
