
Microsoft Visual Studio Solution File, Format Version 12.00
# Visual Studio Version 17
VisualStudioVersion = 17.7.34221.43
MinimumVisualStudioVersion = 10.0.40219.1
Project("{8BC9CEB8-8B4A-11D0-8D11-00A0C91BC942}") = "03_10_initializer_list模板类的使用", "03_10_initializer_list模板类的使用\03_10_initializer_list模板类的使用.vcxproj", "{7D16A4D3-2B48-4324-AFF9-70064F85C4B0}"
EndProject
Project("{8BC9CEB8-8B4A-11D0-8D11-00A0C91BC942}") = "01_08_静态断言 static_assert", "01_08_静态断言 static_assert\01_08_静态断言 static_assert.vcxproj", "{676394BB-C664-47B3-B482-3A8D56F9A1F2}"
EndProject
Project("{8BC9CEB8-8B4A-11D0-8D11-00A0C91BC942}") = "01_09_异常和noexcept", "01_09_异常和noexcept\01_09_异常和noexcept.vcxproj", "{7719FDE2-6C11-43BB-B1FF-4E8A038D9DF1}"
EndProject
Project("{8BC9CEB8-8B4A-11D0-8D11-00A0C91BC942}") = "03_11_可调用对象", "03_11_可调用对象\03_11_可调用对象.vcxproj", "{B4FDD759-924A-4F9B-B079-FD2754FC432D}"
EndProject
Project("{8BC9CEB8-8B4A-11D0-8D11-00A0C91BC942}") = "03_12_可调用对象包装器的使用_01", "03_12_可调用对象包装器的使用_01\03_12_可调用对象包装器的使用_01.vcxproj", "{AF19DBC4-C1ED-49AA-AD05-7F7D3869AB35}"
EndProject
Project("{8BC9CEB8-8B4A-11D0-8D11-00A0C91BC942}") = "03_14_可调用对象绑定器", "03_14_可调用对象绑定器\03_14_可调用对象绑定器.vcxproj", "{CB87A5B5-38C1-4E66-B740-6708E751B256}"
EndProject
Project("{8BC9CEB8-8B4A-11D0-8D11-00A0C91BC942}") = "03_14_可调用对象绑定器的使用_01", "03_14_可调用对象绑定器的使用_01\03_14_可调用对象绑定器的使用_01.vcxproj", "{0241A6F8-BB20-492E-A8EF-B3D54726AD18}"
EndProject
Project("{8BC9CEB8-8B4A-11D0-8D11-00A0C91BC942}") = "03_14_可调用对象绑定器的使用_02", "03_14_可调用对象绑定器的使用_02\03_14_可调用对象绑定器的使用_02.vcxproj", "{CC22D872-33C8-4CD2-A31C-41F911CC888A}"
EndProject
Project("{8BC9CEB8-8B4A-11D0-8D11-00A0C91BC942}") = "03_18_右值引用的作用以及使用", "03_18_右值引用的作用以及使用\03_18_右值引用的作用以及使用.vcxproj", "{06FE8C75-AB9D-4DCB-9AB3-245E8030308D}"
EndProject
Project("{8BC9CEB8-8B4A-11D0-8D11-00A0C91BC942}") = "04_03_共享智能指针shared_ptr的使用", "04_03_共享智能指针shared_ptr的使用\04_03_共享智能指针shared_ptr的使用.vcxproj", "{A1D0AE0C-325C-4C3D-A79F-6A94A48B634A}"
EndProject
Project("{8BC9CEB8-8B4A-11D0-8D11-00A0C91BC942}") = "04_04_给共享智能指针shared_ptr指定删除器", "04_04_给共享智能指针shared_ptr指定删除器\04_04_给共享智能指针shared_ptr指定删除器.vcxproj", "{84D22559-8311-4E0E-8554-D4236BA19765}"
EndProject
Project("{8BC9CEB8-8B4A-11D0-8D11-00A0C91BC942}") = "04_05_独占的智能指针unique_ptr的初始化及使用", "04_05_独占的智能指针unique_ptr的初始化及使用\04_05_独占的智能指针unique_ptr的初始化及使用.vcxproj", "{D4ADC384-C4FE-43F3-9BC5-FD31F790B07F}"
EndProject
Project("{8BC9CEB8-8B4A-11D0-8D11-00A0C91BC942}") = "04_06_独占的智能指针unique_ptr的删除器", "04_06_独占的智能指针unique_ptr的删除器\04_06_独占的智能指针unique_ptr的删除器.vcxproj", "{8CEE1C7F-7E30-4FF2-B816-13A9451D09DF}"
EndProject
Project("{8BC9CEB8-8B4A-11D0-8D11-00A0C91BC942}") = "04_08_使用weak_ptr解决shared_ptr管理的内存被重复析构的问题", "04_08_使用weak_ptr解决shared_ptr管理的内存被重复析构的问题\04_08_使用weak_ptr解决shared_ptr管理的内存被重复析构的问题.vcxproj", "{A1F8668D-5BAD-40A8-9936-2D8442755B74}"
EndProject
Project("{8BC9CEB8-8B4A-11D0-8D11-00A0C91BC942}") = "03_22_forward完美转发", "03_22_forward完美转发\03_22_forward完美转发.vcxproj", "{C4D76CE8-18AD-445C-B149-FDB937CA29B3}"
EndProject
Project("{8BC9CEB8-8B4A-11D0-8D11-00A0C91BC942}") = "05_07_友元及友元的改进", "05_07_友元及友元的改进\05_07_友元及友元的改进.vcxproj", "{67CA13E4-1E7B-467E-A8B7-8BEECB74C568}"
EndProject
Project("{8BC9CEB8-8B4A-11D0-8D11-00A0C91BC942}") = "05_01_POD之平凡布局类型", "05_01_POD之平凡布局类型\05_01_POD之平凡布局类型.vcxproj", "{CF10D343-1F58-48E8-83A8-D8DA57CAEC51}"
EndProject
Project("{8BC9CEB8-8B4A-11D0-8D11-00A0C91BC942}") = "05_02_POD之标准布局类型", "05_02_POD之标准布局类型\05_02_POD之标准布局类型.vcxproj", "{08413F21-363B-4BC5-8CE5-2090432CF861}"
EndProject
Project("{8BC9CEB8-8B4A-11D0-8D11-00A0C91BC942}") = "05_03_对POD类型的判断", "05_03_对POD类型的判断\05_03_对POD类型的判断.vcxproj", "{D30BE0E7-FD2C-428B-930D-C2991F02D876}"
EndProject
Project("{8BC9CEB8-8B4A-11D0-8D11-00A0C91BC942}") = "05_08_为模板声明友元", "05_08_为模板声明友元\05_08_为模板声明友元.vcxproj", "{EA433097-761D-407B-8530-9320D154B4AA}"
EndProject
Project("{8BC9CEB8-8B4A-11D0-8D11-00A0C91BC942}") = "05_10_非受限联合体中静态成员的使用", "05_10_非受限联合体中静态成员的使用\05_10_非受限联合体中静态成员的使用.vcxproj", "{C172ABD8-5E66-4B59-A8F1-12707E3FF279}"
EndProject
Project("{8BC9CEB8-8B4A-11D0-8D11-00A0C91BC942}") = "05_11_非受限联合体中使用非POD类型的成员", "05_11_非受限联合体中使用非POD类型的成员\05_11_非受限联合体中使用非POD类型的成员.vcxproj", "{E5C493F3-53D7-4771-BEA3-6BC6ABFDE5B4}"
EndProject
Project("{8BC9CEB8-8B4A-11D0-8D11-00A0C91BC942}") = "05_12_匿名联合体做为类的成员变量", "05_12_匿名联合体做为类的成员变量\05_12_匿名联合体做为类的成员变量.vcxproj", "{1E85798E-85D6-40B7-830A-7169586671E1}"
EndProject
Project("{8BC9CEB8-8B4A-11D0-8D11-00A0C91BC942}") = "06_01_通过duration创建一个时间段", "06_01_通过duration创建一个时间段\06_01_通过duration创建一个时间段.vcxproj", "{737BEB11-4EB6-4710-805E-24C871E60F8F}"
EndProject
Project("{8BC9CEB8-8B4A-11D0-8D11-00A0C91BC942}") = "06_02_duration的算数运算", "06_02_duration的算数运算\06_02_duration的算数运算.vcxproj", "{86A84B43-D9B7-4CA6-B881-DDDB45551E75}"
EndProject
Project("{8BC9CEB8-8B4A-11D0-8D11-00A0C91BC942}") = "06_04_时钟类 system_clock 的使用", "06_04_时钟类 system_clock 的使用\06_04_时钟类 system_clock 的使用.vcxproj", "{B6E3E248-CBA7-4B20-865A-4842104607BE}"
EndProject
Project("{8BC9CEB8-8B4A-11D0-8D11-00A0C91BC942}") = "06_05_时钟类 steady_clock 的使用", "06_05_时钟类 steady_clock 的使用\06_05_时钟类 steady_clock 的使用.vcxproj", "{B89B14CB-FE82-4210-941A-41A79CD7C266}"
EndProject
Project("{8BC9CEB8-8B4A-11D0-8D11-00A0C91BC942}") = "06_06_duration_cast 函数的使用", "06_06_duration_cast 函数的使用\06_06_duration_cast 函数的使用.vcxproj", "{ED528A17-7F96-4699-ABAA-2199551D4451}"
EndProject
Project("{8BC9CEB8-8B4A-11D0-8D11-00A0C91BC942}") = "06_07_time_point_cast 函数的使用", "06_07_time_point_cast 函数的使用\06_07_time_point_cast 函数的使用.vcxproj", "{AB5C6F4C-4862-4602-8B98-FA1E887C8B27}"
EndProject
Project("{8BC9CEB8-8B4A-11D0-8D11-00A0C91BC942}") = "06_10_CPP中多线程的创建和使用", "06_10_CPP中多线程的创建和使用\06_10_CPP中多线程的创建和使用.vcxproj", "{ABFC69B6-1C75-4242-A498-690BA3060E62}"
EndProject
Project("{8BC9CEB8-8B4A-11D0-8D11-00A0C91BC942}") = "06_13_CPP中多线程的创建和使用_05", "06_13_CPP中多线程的创建和使用_05\06_13_CPP中多线程的创建和使用_05.vcxproj", "{C99C0707-C8DC-4F1B-A0F7-3E0775FDEA0E}"
EndProject
Project("{8BC9CEB8-8B4A-11D0-8D11-00A0C91BC942}") = "06_14_类的成员函数做为子线程的任务函数", "06_14_类的成员函数做为子线程的任务函数\06_14_类的成员函数做为子线程的任务函数.vcxproj", "{BE38329A-F98E-4D2F-A420-8FA534FAD2A0}"
EndProject
Project("{8BC9CEB8-8B4A-11D0-8D11-00A0C91BC942}") = "06_15_call_once()函数的使用", "06_15_call_once()函数的使用\06_15_call_once()函数的使用.vcxproj", "{DAFE0665-9F78-4F76-9DEA-53B2EEB985CD}"
EndProject
Project("{8BC9CEB8-8B4A-11D0-8D11-00A0C91BC942}") = "06_16_call_once()函数的应用_创建单例模式的类", "06_16_call_once()函数的应用_创建单例模式的类\06_16_call_once()函数的应用_创建单例模式的类.vcxproj", "{8BD7BD3B-6DEC-4344-AF16-572C31099CFD}"
EndProject
Project("{8BC9CEB8-8B4A-11D0-8D11-00A0C91BC942}") = "06_18_独占互斥锁 mutex 的使用", "06_18_独占互斥锁 mutex 的使用\06_18_独占互斥锁 mutex 的使用.vcxproj", "{690A1209-7064-43B2-9D11-FDBF388B17B0}"
EndProject
Project("{8BC9CEB8-8B4A-11D0-8D11-00A0C91BC942}") = "06_19_死锁和 lock_guard 类的使用", "06_19_死锁和 lock_guard 类的使用\06_19_死锁和 lock_guard 类的使用.vcxproj", "{A554D47C-DD72-4FDA-84A4-72A2156383ED}"
EndProject
Project("{8BC9CEB8-8B4A-11D0-8D11-00A0C91BC942}") = "06_20_递归互斥锁 recursive_mutex 的使用", "06_20_递归互斥锁 recursive_mutex 的使用\06_20_递归互斥锁 recursive_mutex 的使用.vcxproj", "{2A1AF639-4CA4-4B5F-9E18-2695E4BC947B}"
EndProject
Project("{8BC9CEB8-8B4A-11D0-8D11-00A0C91BC942}") = "06_21_timed_mutex 和 recursive_timed_mutex 的使用", "06_21_timed_mutex 和 recursive_timed_mutex 的使用\06_21_timed_mutex 和 recursive_timed_mutex 的使用.vcxproj", "{683F0528-4A10-4C60-B7C1-B52479B24BA4}"
EndProject
Project("{8BC9CEB8-8B4A-11D0-8D11-00A0C91BC942}") = "06_23_编写一个任务队列", "06_23_编写一个任务队列\06_23_编写一个任务队列.vcxproj", "{FF2EA950-6761-4AA7-B6C4-353911E4A38C}"
EndProject
Project("{8BC9CEB8-8B4A-11D0-8D11-00A0C91BC942}") = "06_26_使用 condition_variable 实现生产者和消费者模型-2", "06_26_使用 condition_variable 实现生产者和消费者模型-2\06_26_使用 condition_variable 实现生产者和消费者模型-2.vcxproj", "{56415E13-103F-437C-8D7B-FCDC7410CFF1}"
EndProject
Project("{8BC9CEB8-8B4A-11D0-8D11-00A0C91BC942}") = "06_27_对生产者和消费者模型代码的优化", "06_27_对生产者和消费者模型代码的优化\06_27_对生产者和消费者模型代码的优化.vcxproj", "{651B9D74-7DC1-468B-B1C7-EE45DD6EE351}"
EndProject
Project("{8BC9CEB8-8B4A-11D0-8D11-00A0C91BC942}") = "06_28_使用 condition_variable_any 实现生产者和消费者模型", "06_28_使用 condition_variable_any 实现生产者和消费者模型\06_28_使用 condition_variable_any 实现生产者和消费者模型.vcxproj", "{46DF4CED-8254-4732-A85A-5F48EA980566}"
EndProject
Project("{8BC9CEB8-8B4A-11D0-8D11-00A0C91BC942}") = "06_31_原子变量 atomic 的使用", "06_31_原子变量 atomic 的使用\06_31_原子变量 atomic 的使用.vcxproj", "{5FF1B97D-9287-4921-A2FC-80CA78DE7245}"
EndProject
Project("{8BC9CEB8-8B4A-11D0-8D11-00A0C91BC942}") = "06_32_使用原子变量 atomic 处理线程同步", "06_32_使用原子变量 atomic 处理线程同步\06_32_使用原子变量 atomic 处理线程同步.vcxproj", "{F0FC51BA-6024-4DBA-AF6F-F4E4D1041542}"
EndProject
Project("{8BC9CEB8-8B4A-11D0-8D11-00A0C91BC942}") = "06_37_promise 类的使用", "06_37_promise 类的使用\06_37_promise 类的使用.vcxproj", "{95773052-2908-4FA6-B791-61AB946161E4}"
EndProject
Project("{8BC9CEB8-8B4A-11D0-8D11-00A0C91BC942}") = "06_38_packaged_task 类的使用", "06_38_packaged_task 类的使用\06_38_packaged_task 类的使用.vcxproj", "{E53033C9-B55F-469D-8FC9-B904C9D3873A}"
EndProject
Project("{8BC9CEB8-8B4A-11D0-8D11-00A0C91BC942}") = "06_39_异步函数 async 的使用", "06_39_异步函数 async 的使用\06_39_异步函数 async 的使用.vcxproj", "{10DF39DE-D16A-4B52-A1AF-0811FF56D4A4}"
EndProject
Global
	GlobalSection(SolutionConfigurationPlatforms) = preSolution
		Debug|x64 = Debug|x64
		Debug|x86 = Debug|x86
		Release|x64 = Release|x64
		Release|x86 = Release|x86
	EndGlobalSection
	GlobalSection(ProjectConfigurationPlatforms) = postSolution
		{7D16A4D3-2B48-4324-AFF9-70064F85C4B0}.Debug|x64.ActiveCfg = Debug|x64
		{7D16A4D3-2B48-4324-AFF9-70064F85C4B0}.Debug|x64.Build.0 = Debug|x64
		{7D16A4D3-2B48-4324-AFF9-70064F85C4B0}.Debug|x86.ActiveCfg = Debug|Win32
		{7D16A4D3-2B48-4324-AFF9-70064F85C4B0}.Debug|x86.Build.0 = Debug|Win32
		{7D16A4D3-2B48-4324-AFF9-70064F85C4B0}.Release|x64.ActiveCfg = Release|x64
		{7D16A4D3-2B48-4324-AFF9-70064F85C4B0}.Release|x64.Build.0 = Release|x64
		{7D16A4D3-2B48-4324-AFF9-70064F85C4B0}.Release|x86.ActiveCfg = Release|Win32
		{7D16A4D3-2B48-4324-AFF9-70064F85C4B0}.Release|x86.Build.0 = Release|Win32
		{676394BB-C664-47B3-B482-3A8D56F9A1F2}.Debug|x64.ActiveCfg = Debug|x64
		{676394BB-C664-47B3-B482-3A8D56F9A1F2}.Debug|x64.Build.0 = Debug|x64
		{676394BB-C664-47B3-B482-3A8D56F9A1F2}.Debug|x86.ActiveCfg = Debug|Win32
		{676394BB-C664-47B3-B482-3A8D56F9A1F2}.Debug|x86.Build.0 = Debug|Win32
		{676394BB-C664-47B3-B482-3A8D56F9A1F2}.Release|x64.ActiveCfg = Release|x64
		{676394BB-C664-47B3-B482-3A8D56F9A1F2}.Release|x64.Build.0 = Release|x64
		{676394BB-C664-47B3-B482-3A8D56F9A1F2}.Release|x86.ActiveCfg = Release|Win32
		{676394BB-C664-47B3-B482-3A8D56F9A1F2}.Release|x86.Build.0 = Release|Win32
		{7719FDE2-6C11-43BB-B1FF-4E8A038D9DF1}.Debug|x64.ActiveCfg = Debug|x64
		{7719FDE2-6C11-43BB-B1FF-4E8A038D9DF1}.Debug|x64.Build.0 = Debug|x64
		{7719FDE2-6C11-43BB-B1FF-4E8A038D9DF1}.Debug|x86.ActiveCfg = Debug|Win32
		{7719FDE2-6C11-43BB-B1FF-4E8A038D9DF1}.Debug|x86.Build.0 = Debug|Win32
		{7719FDE2-6C11-43BB-B1FF-4E8A038D9DF1}.Release|x64.ActiveCfg = Release|x64
		{7719FDE2-6C11-43BB-B1FF-4E8A038D9DF1}.Release|x64.Build.0 = Release|x64
		{7719FDE2-6C11-43BB-B1FF-4E8A038D9DF1}.Release|x86.ActiveCfg = Release|Win32
		{7719FDE2-6C11-43BB-B1FF-4E8A038D9DF1}.Release|x86.Build.0 = Release|Win32
		{B4FDD759-924A-4F9B-B079-FD2754FC432D}.Debug|x64.ActiveCfg = Debug|x64
		{B4FDD759-924A-4F9B-B079-FD2754FC432D}.Debug|x64.Build.0 = Debug|x64
		{B4FDD759-924A-4F9B-B079-FD2754FC432D}.Debug|x86.ActiveCfg = Debug|Win32
		{B4FDD759-924A-4F9B-B079-FD2754FC432D}.Debug|x86.Build.0 = Debug|Win32
		{B4FDD759-924A-4F9B-B079-FD2754FC432D}.Release|x64.ActiveCfg = Release|x64
		{B4FDD759-924A-4F9B-B079-FD2754FC432D}.Release|x64.Build.0 = Release|x64
		{B4FDD759-924A-4F9B-B079-FD2754FC432D}.Release|x86.ActiveCfg = Release|Win32
		{B4FDD759-924A-4F9B-B079-FD2754FC432D}.Release|x86.Build.0 = Release|Win32
		{AF19DBC4-C1ED-49AA-AD05-7F7D3869AB35}.Debug|x64.ActiveCfg = Debug|x64
		{AF19DBC4-C1ED-49AA-AD05-7F7D3869AB35}.Debug|x64.Build.0 = Debug|x64
		{AF19DBC4-C1ED-49AA-AD05-7F7D3869AB35}.Debug|x86.ActiveCfg = Debug|Win32
		{AF19DBC4-C1ED-49AA-AD05-7F7D3869AB35}.Debug|x86.Build.0 = Debug|Win32
		{AF19DBC4-C1ED-49AA-AD05-7F7D3869AB35}.Release|x64.ActiveCfg = Release|x64
		{AF19DBC4-C1ED-49AA-AD05-7F7D3869AB35}.Release|x64.Build.0 = Release|x64
		{AF19DBC4-C1ED-49AA-AD05-7F7D3869AB35}.Release|x86.ActiveCfg = Release|Win32
		{AF19DBC4-C1ED-49AA-AD05-7F7D3869AB35}.Release|x86.Build.0 = Release|Win32
		{CB87A5B5-38C1-4E66-B740-6708E751B256}.Debug|x64.ActiveCfg = Debug|x64
		{CB87A5B5-38C1-4E66-B740-6708E751B256}.Debug|x64.Build.0 = Debug|x64
		{CB87A5B5-38C1-4E66-B740-6708E751B256}.Debug|x86.ActiveCfg = Debug|Win32
		{CB87A5B5-38C1-4E66-B740-6708E751B256}.Debug|x86.Build.0 = Debug|Win32
		{CB87A5B5-38C1-4E66-B740-6708E751B256}.Release|x64.ActiveCfg = Release|x64
		{CB87A5B5-38C1-4E66-B740-6708E751B256}.Release|x64.Build.0 = Release|x64
		{CB87A5B5-38C1-4E66-B740-6708E751B256}.Release|x86.ActiveCfg = Release|Win32
		{CB87A5B5-38C1-4E66-B740-6708E751B256}.Release|x86.Build.0 = Release|Win32
		{0241A6F8-BB20-492E-A8EF-B3D54726AD18}.Debug|x64.ActiveCfg = Debug|x64
		{0241A6F8-BB20-492E-A8EF-B3D54726AD18}.Debug|x64.Build.0 = Debug|x64
		{0241A6F8-BB20-492E-A8EF-B3D54726AD18}.Debug|x86.ActiveCfg = Debug|Win32
		{0241A6F8-BB20-492E-A8EF-B3D54726AD18}.Debug|x86.Build.0 = Debug|Win32
		{0241A6F8-BB20-492E-A8EF-B3D54726AD18}.Release|x64.ActiveCfg = Release|x64
		{0241A6F8-BB20-492E-A8EF-B3D54726AD18}.Release|x64.Build.0 = Release|x64
		{0241A6F8-BB20-492E-A8EF-B3D54726AD18}.Release|x86.ActiveCfg = Release|Win32
		{0241A6F8-BB20-492E-A8EF-B3D54726AD18}.Release|x86.Build.0 = Release|Win32
		{CC22D872-33C8-4CD2-A31C-41F911CC888A}.Debug|x64.ActiveCfg = Debug|x64
		{CC22D872-33C8-4CD2-A31C-41F911CC888A}.Debug|x64.Build.0 = Debug|x64
		{CC22D872-33C8-4CD2-A31C-41F911CC888A}.Debug|x86.ActiveCfg = Debug|Win32
		{CC22D872-33C8-4CD2-A31C-41F911CC888A}.Debug|x86.Build.0 = Debug|Win32
		{CC22D872-33C8-4CD2-A31C-41F911CC888A}.Release|x64.ActiveCfg = Release|x64
		{CC22D872-33C8-4CD2-A31C-41F911CC888A}.Release|x64.Build.0 = Release|x64
		{CC22D872-33C8-4CD2-A31C-41F911CC888A}.Release|x86.ActiveCfg = Release|Win32
		{CC22D872-33C8-4CD2-A31C-41F911CC888A}.Release|x86.Build.0 = Release|Win32
		{06FE8C75-AB9D-4DCB-9AB3-245E8030308D}.Debug|x64.ActiveCfg = Debug|x64
		{06FE8C75-AB9D-4DCB-9AB3-245E8030308D}.Debug|x64.Build.0 = Debug|x64
		{06FE8C75-AB9D-4DCB-9AB3-245E8030308D}.Debug|x86.ActiveCfg = Debug|Win32
		{06FE8C75-AB9D-4DCB-9AB3-245E8030308D}.Debug|x86.Build.0 = Debug|Win32
		{06FE8C75-AB9D-4DCB-9AB3-245E8030308D}.Release|x64.ActiveCfg = Release|x64
		{06FE8C75-AB9D-4DCB-9AB3-245E8030308D}.Release|x64.Build.0 = Release|x64
		{06FE8C75-AB9D-4DCB-9AB3-245E8030308D}.Release|x86.ActiveCfg = Release|Win32
		{06FE8C75-AB9D-4DCB-9AB3-245E8030308D}.Release|x86.Build.0 = Release|Win32
		{A1D0AE0C-325C-4C3D-A79F-6A94A48B634A}.Debug|x64.ActiveCfg = Debug|x64
		{A1D0AE0C-325C-4C3D-A79F-6A94A48B634A}.Debug|x64.Build.0 = Debug|x64
		{A1D0AE0C-325C-4C3D-A79F-6A94A48B634A}.Debug|x86.ActiveCfg = Debug|Win32
		{A1D0AE0C-325C-4C3D-A79F-6A94A48B634A}.Debug|x86.Build.0 = Debug|Win32
		{A1D0AE0C-325C-4C3D-A79F-6A94A48B634A}.Release|x64.ActiveCfg = Release|x64
		{A1D0AE0C-325C-4C3D-A79F-6A94A48B634A}.Release|x64.Build.0 = Release|x64
		{A1D0AE0C-325C-4C3D-A79F-6A94A48B634A}.Release|x86.ActiveCfg = Release|Win32
		{A1D0AE0C-325C-4C3D-A79F-6A94A48B634A}.Release|x86.Build.0 = Release|Win32
		{84D22559-8311-4E0E-8554-D4236BA19765}.Debug|x64.ActiveCfg = Debug|x64
		{84D22559-8311-4E0E-8554-D4236BA19765}.Debug|x64.Build.0 = Debug|x64
		{84D22559-8311-4E0E-8554-D4236BA19765}.Debug|x86.ActiveCfg = Debug|Win32
		{84D22559-8311-4E0E-8554-D4236BA19765}.Debug|x86.Build.0 = Debug|Win32
		{84D22559-8311-4E0E-8554-D4236BA19765}.Release|x64.ActiveCfg = Release|x64
		{84D22559-8311-4E0E-8554-D4236BA19765}.Release|x64.Build.0 = Release|x64
		{84D22559-8311-4E0E-8554-D4236BA19765}.Release|x86.ActiveCfg = Release|Win32
		{84D22559-8311-4E0E-8554-D4236BA19765}.Release|x86.Build.0 = Release|Win32
		{D4ADC384-C4FE-43F3-9BC5-FD31F790B07F}.Debug|x64.ActiveCfg = Debug|x64
		{D4ADC384-C4FE-43F3-9BC5-FD31F790B07F}.Debug|x64.Build.0 = Debug|x64
		{D4ADC384-C4FE-43F3-9BC5-FD31F790B07F}.Debug|x86.ActiveCfg = Debug|Win32
		{D4ADC384-C4FE-43F3-9BC5-FD31F790B07F}.Debug|x86.Build.0 = Debug|Win32
		{D4ADC384-C4FE-43F3-9BC5-FD31F790B07F}.Release|x64.ActiveCfg = Release|x64
		{D4ADC384-C4FE-43F3-9BC5-FD31F790B07F}.Release|x64.Build.0 = Release|x64
		{D4ADC384-C4FE-43F3-9BC5-FD31F790B07F}.Release|x86.ActiveCfg = Release|Win32
		{D4ADC384-C4FE-43F3-9BC5-FD31F790B07F}.Release|x86.Build.0 = Release|Win32
		{8CEE1C7F-7E30-4FF2-B816-13A9451D09DF}.Debug|x64.ActiveCfg = Debug|x64
		{8CEE1C7F-7E30-4FF2-B816-13A9451D09DF}.Debug|x64.Build.0 = Debug|x64
		{8CEE1C7F-7E30-4FF2-B816-13A9451D09DF}.Debug|x86.ActiveCfg = Debug|Win32
		{8CEE1C7F-7E30-4FF2-B816-13A9451D09DF}.Debug|x86.Build.0 = Debug|Win32
		{8CEE1C7F-7E30-4FF2-B816-13A9451D09DF}.Release|x64.ActiveCfg = Release|x64
		{8CEE1C7F-7E30-4FF2-B816-13A9451D09DF}.Release|x64.Build.0 = Release|x64
		{8CEE1C7F-7E30-4FF2-B816-13A9451D09DF}.Release|x86.ActiveCfg = Release|Win32
		{8CEE1C7F-7E30-4FF2-B816-13A9451D09DF}.Release|x86.Build.0 = Release|Win32
		{A1F8668D-5BAD-40A8-9936-2D8442755B74}.Debug|x64.ActiveCfg = Debug|x64
		{A1F8668D-5BAD-40A8-9936-2D8442755B74}.Debug|x64.Build.0 = Debug|x64
		{A1F8668D-5BAD-40A8-9936-2D8442755B74}.Debug|x86.ActiveCfg = Debug|Win32
		{A1F8668D-5BAD-40A8-9936-2D8442755B74}.Debug|x86.Build.0 = Debug|Win32
		{A1F8668D-5BAD-40A8-9936-2D8442755B74}.Release|x64.ActiveCfg = Release|x64
		{A1F8668D-5BAD-40A8-9936-2D8442755B74}.Release|x64.Build.0 = Release|x64
		{A1F8668D-5BAD-40A8-9936-2D8442755B74}.Release|x86.ActiveCfg = Release|Win32
		{A1F8668D-5BAD-40A8-9936-2D8442755B74}.Release|x86.Build.0 = Release|Win32
		{C4D76CE8-18AD-445C-B149-FDB937CA29B3}.Debug|x64.ActiveCfg = Debug|x64
		{C4D76CE8-18AD-445C-B149-FDB937CA29B3}.Debug|x64.Build.0 = Debug|x64
		{C4D76CE8-18AD-445C-B149-FDB937CA29B3}.Debug|x86.ActiveCfg = Debug|Win32
		{C4D76CE8-18AD-445C-B149-FDB937CA29B3}.Debug|x86.Build.0 = Debug|Win32
		{C4D76CE8-18AD-445C-B149-FDB937CA29B3}.Release|x64.ActiveCfg = Release|x64
		{C4D76CE8-18AD-445C-B149-FDB937CA29B3}.Release|x64.Build.0 = Release|x64
		{C4D76CE8-18AD-445C-B149-FDB937CA29B3}.Release|x86.ActiveCfg = Release|Win32
		{C4D76CE8-18AD-445C-B149-FDB937CA29B3}.Release|x86.Build.0 = Release|Win32
		{67CA13E4-1E7B-467E-A8B7-8BEECB74C568}.Debug|x64.ActiveCfg = Debug|x64
		{67CA13E4-1E7B-467E-A8B7-8BEECB74C568}.Debug|x64.Build.0 = Debug|x64
		{67CA13E4-1E7B-467E-A8B7-8BEECB74C568}.Debug|x86.ActiveCfg = Debug|Win32
		{67CA13E4-1E7B-467E-A8B7-8BEECB74C568}.Debug|x86.Build.0 = Debug|Win32
		{67CA13E4-1E7B-467E-A8B7-8BEECB74C568}.Release|x64.ActiveCfg = Release|x64
		{67CA13E4-1E7B-467E-A8B7-8BEECB74C568}.Release|x64.Build.0 = Release|x64
		{67CA13E4-1E7B-467E-A8B7-8BEECB74C568}.Release|x86.ActiveCfg = Release|Win32
		{67CA13E4-1E7B-467E-A8B7-8BEECB74C568}.Release|x86.Build.0 = Release|Win32
		{CF10D343-1F58-48E8-83A8-D8DA57CAEC51}.Debug|x64.ActiveCfg = Debug|x64
		{CF10D343-1F58-48E8-83A8-D8DA57CAEC51}.Debug|x64.Build.0 = Debug|x64
		{CF10D343-1F58-48E8-83A8-D8DA57CAEC51}.Debug|x86.ActiveCfg = Debug|Win32
		{CF10D343-1F58-48E8-83A8-D8DA57CAEC51}.Debug|x86.Build.0 = Debug|Win32
		{CF10D343-1F58-48E8-83A8-D8DA57CAEC51}.Release|x64.ActiveCfg = Release|x64
		{CF10D343-1F58-48E8-83A8-D8DA57CAEC51}.Release|x64.Build.0 = Release|x64
		{CF10D343-1F58-48E8-83A8-D8DA57CAEC51}.Release|x86.ActiveCfg = Release|Win32
		{CF10D343-1F58-48E8-83A8-D8DA57CAEC51}.Release|x86.Build.0 = Release|Win32
		{08413F21-363B-4BC5-8CE5-2090432CF861}.Debug|x64.ActiveCfg = Debug|x64
		{08413F21-363B-4BC5-8CE5-2090432CF861}.Debug|x64.Build.0 = Debug|x64
		{08413F21-363B-4BC5-8CE5-2090432CF861}.Debug|x86.ActiveCfg = Debug|Win32
		{08413F21-363B-4BC5-8CE5-2090432CF861}.Debug|x86.Build.0 = Debug|Win32
		{08413F21-363B-4BC5-8CE5-2090432CF861}.Release|x64.ActiveCfg = Release|x64
		{08413F21-363B-4BC5-8CE5-2090432CF861}.Release|x64.Build.0 = Release|x64
		{08413F21-363B-4BC5-8CE5-2090432CF861}.Release|x86.ActiveCfg = Release|Win32
		{08413F21-363B-4BC5-8CE5-2090432CF861}.Release|x86.Build.0 = Release|Win32
		{D30BE0E7-FD2C-428B-930D-C2991F02D876}.Debug|x64.ActiveCfg = Debug|x64
		{D30BE0E7-FD2C-428B-930D-C2991F02D876}.Debug|x64.Build.0 = Debug|x64
		{D30BE0E7-FD2C-428B-930D-C2991F02D876}.Debug|x86.ActiveCfg = Debug|Win32
		{D30BE0E7-FD2C-428B-930D-C2991F02D876}.Debug|x86.Build.0 = Debug|Win32
		{D30BE0E7-FD2C-428B-930D-C2991F02D876}.Release|x64.ActiveCfg = Release|x64
		{D30BE0E7-FD2C-428B-930D-C2991F02D876}.Release|x64.Build.0 = Release|x64
		{D30BE0E7-FD2C-428B-930D-C2991F02D876}.Release|x86.ActiveCfg = Release|Win32
		{D30BE0E7-FD2C-428B-930D-C2991F02D876}.Release|x86.Build.0 = Release|Win32
		{EA433097-761D-407B-8530-9320D154B4AA}.Debug|x64.ActiveCfg = Debug|x64
		{EA433097-761D-407B-8530-9320D154B4AA}.Debug|x64.Build.0 = Debug|x64
		{EA433097-761D-407B-8530-9320D154B4AA}.Debug|x86.ActiveCfg = Debug|Win32
		{EA433097-761D-407B-8530-9320D154B4AA}.Debug|x86.Build.0 = Debug|Win32
		{EA433097-761D-407B-8530-9320D154B4AA}.Release|x64.ActiveCfg = Release|x64
		{EA433097-761D-407B-8530-9320D154B4AA}.Release|x64.Build.0 = Release|x64
		{EA433097-761D-407B-8530-9320D154B4AA}.Release|x86.ActiveCfg = Release|Win32
		{EA433097-761D-407B-8530-9320D154B4AA}.Release|x86.Build.0 = Release|Win32
		{C172ABD8-5E66-4B59-A8F1-12707E3FF279}.Debug|x64.ActiveCfg = Debug|x64
		{C172ABD8-5E66-4B59-A8F1-12707E3FF279}.Debug|x64.Build.0 = Debug|x64
		{C172ABD8-5E66-4B59-A8F1-12707E3FF279}.Debug|x86.ActiveCfg = Debug|Win32
		{C172ABD8-5E66-4B59-A8F1-12707E3FF279}.Debug|x86.Build.0 = Debug|Win32
		{C172ABD8-5E66-4B59-A8F1-12707E3FF279}.Release|x64.ActiveCfg = Release|x64
		{C172ABD8-5E66-4B59-A8F1-12707E3FF279}.Release|x64.Build.0 = Release|x64
		{C172ABD8-5E66-4B59-A8F1-12707E3FF279}.Release|x86.ActiveCfg = Release|Win32
		{C172ABD8-5E66-4B59-A8F1-12707E3FF279}.Release|x86.Build.0 = Release|Win32
		{E5C493F3-53D7-4771-BEA3-6BC6ABFDE5B4}.Debug|x64.ActiveCfg = Debug|x64
		{E5C493F3-53D7-4771-BEA3-6BC6ABFDE5B4}.Debug|x64.Build.0 = Debug|x64
		{E5C493F3-53D7-4771-BEA3-6BC6ABFDE5B4}.Debug|x86.ActiveCfg = Debug|Win32
		{E5C493F3-53D7-4771-BEA3-6BC6ABFDE5B4}.Debug|x86.Build.0 = Debug|Win32
		{E5C493F3-53D7-4771-BEA3-6BC6ABFDE5B4}.Release|x64.ActiveCfg = Release|x64
		{E5C493F3-53D7-4771-BEA3-6BC6ABFDE5B4}.Release|x64.Build.0 = Release|x64
		{E5C493F3-53D7-4771-BEA3-6BC6ABFDE5B4}.Release|x86.ActiveCfg = Release|Win32
		{E5C493F3-53D7-4771-BEA3-6BC6ABFDE5B4}.Release|x86.Build.0 = Release|Win32
		{1E85798E-85D6-40B7-830A-7169586671E1}.Debug|x64.ActiveCfg = Debug|x64
		{1E85798E-85D6-40B7-830A-7169586671E1}.Debug|x64.Build.0 = Debug|x64
		{1E85798E-85D6-40B7-830A-7169586671E1}.Debug|x86.ActiveCfg = Debug|Win32
		{1E85798E-85D6-40B7-830A-7169586671E1}.Debug|x86.Build.0 = Debug|Win32
		{1E85798E-85D6-40B7-830A-7169586671E1}.Release|x64.ActiveCfg = Release|x64
		{1E85798E-85D6-40B7-830A-7169586671E1}.Release|x64.Build.0 = Release|x64
		{1E85798E-85D6-40B7-830A-7169586671E1}.Release|x86.ActiveCfg = Release|Win32
		{1E85798E-85D6-40B7-830A-7169586671E1}.Release|x86.Build.0 = Release|Win32
		{737BEB11-4EB6-4710-805E-24C871E60F8F}.Debug|x64.ActiveCfg = Debug|x64
		{737BEB11-4EB6-4710-805E-24C871E60F8F}.Debug|x64.Build.0 = Debug|x64
		{737BEB11-4EB6-4710-805E-24C871E60F8F}.Debug|x86.ActiveCfg = Debug|Win32
		{737BEB11-4EB6-4710-805E-24C871E60F8F}.Debug|x86.Build.0 = Debug|Win32
		{737BEB11-4EB6-4710-805E-24C871E60F8F}.Release|x64.ActiveCfg = Release|x64
		{737BEB11-4EB6-4710-805E-24C871E60F8F}.Release|x64.Build.0 = Release|x64
		{737BEB11-4EB6-4710-805E-24C871E60F8F}.Release|x86.ActiveCfg = Release|Win32
		{737BEB11-4EB6-4710-805E-24C871E60F8F}.Release|x86.Build.0 = Release|Win32
		{86A84B43-D9B7-4CA6-B881-DDDB45551E75}.Debug|x64.ActiveCfg = Debug|x64
		{86A84B43-D9B7-4CA6-B881-DDDB45551E75}.Debug|x64.Build.0 = Debug|x64
		{86A84B43-D9B7-4CA6-B881-DDDB45551E75}.Debug|x86.ActiveCfg = Debug|Win32
		{86A84B43-D9B7-4CA6-B881-DDDB45551E75}.Debug|x86.Build.0 = Debug|Win32
		{86A84B43-D9B7-4CA6-B881-DDDB45551E75}.Release|x64.ActiveCfg = Release|x64
		{86A84B43-D9B7-4CA6-B881-DDDB45551E75}.Release|x64.Build.0 = Release|x64
		{86A84B43-D9B7-4CA6-B881-DDDB45551E75}.Release|x86.ActiveCfg = Release|Win32
		{86A84B43-D9B7-4CA6-B881-DDDB45551E75}.Release|x86.Build.0 = Release|Win32
		{B6E3E248-CBA7-4B20-865A-4842104607BE}.Debug|x64.ActiveCfg = Debug|x64
		{B6E3E248-CBA7-4B20-865A-4842104607BE}.Debug|x64.Build.0 = Debug|x64
		{B6E3E248-CBA7-4B20-865A-4842104607BE}.Debug|x86.ActiveCfg = Debug|Win32
		{B6E3E248-CBA7-4B20-865A-4842104607BE}.Debug|x86.Build.0 = Debug|Win32
		{B6E3E248-CBA7-4B20-865A-4842104607BE}.Release|x64.ActiveCfg = Release|x64
		{B6E3E248-CBA7-4B20-865A-4842104607BE}.Release|x64.Build.0 = Release|x64
		{B6E3E248-CBA7-4B20-865A-4842104607BE}.Release|x86.ActiveCfg = Release|Win32
		{B6E3E248-CBA7-4B20-865A-4842104607BE}.Release|x86.Build.0 = Release|Win32
		{B89B14CB-FE82-4210-941A-41A79CD7C266}.Debug|x64.ActiveCfg = Debug|x64
		{B89B14CB-FE82-4210-941A-41A79CD7C266}.Debug|x64.Build.0 = Debug|x64
		{B89B14CB-FE82-4210-941A-41A79CD7C266}.Debug|x86.ActiveCfg = Debug|Win32
		{B89B14CB-FE82-4210-941A-41A79CD7C266}.Debug|x86.Build.0 = Debug|Win32
		{B89B14CB-FE82-4210-941A-41A79CD7C266}.Release|x64.ActiveCfg = Release|x64
		{B89B14CB-FE82-4210-941A-41A79CD7C266}.Release|x64.Build.0 = Release|x64
		{B89B14CB-FE82-4210-941A-41A79CD7C266}.Release|x86.ActiveCfg = Release|Win32
		{B89B14CB-FE82-4210-941A-41A79CD7C266}.Release|x86.Build.0 = Release|Win32
		{ED528A17-7F96-4699-ABAA-2199551D4451}.Debug|x64.ActiveCfg = Debug|x64
		{ED528A17-7F96-4699-ABAA-2199551D4451}.Debug|x64.Build.0 = Debug|x64
		{ED528A17-7F96-4699-ABAA-2199551D4451}.Debug|x86.ActiveCfg = Debug|Win32
		{ED528A17-7F96-4699-ABAA-2199551D4451}.Debug|x86.Build.0 = Debug|Win32
		{ED528A17-7F96-4699-ABAA-2199551D4451}.Release|x64.ActiveCfg = Release|x64
		{ED528A17-7F96-4699-ABAA-2199551D4451}.Release|x64.Build.0 = Release|x64
		{ED528A17-7F96-4699-ABAA-2199551D4451}.Release|x86.ActiveCfg = Release|Win32
		{ED528A17-7F96-4699-ABAA-2199551D4451}.Release|x86.Build.0 = Release|Win32
		{AB5C6F4C-4862-4602-8B98-FA1E887C8B27}.Debug|x64.ActiveCfg = Debug|x64
		{AB5C6F4C-4862-4602-8B98-FA1E887C8B27}.Debug|x64.Build.0 = Debug|x64
		{AB5C6F4C-4862-4602-8B98-FA1E887C8B27}.Debug|x86.ActiveCfg = Debug|Win32
		{AB5C6F4C-4862-4602-8B98-FA1E887C8B27}.Debug|x86.Build.0 = Debug|Win32
		{AB5C6F4C-4862-4602-8B98-FA1E887C8B27}.Release|x64.ActiveCfg = Release|x64
		{AB5C6F4C-4862-4602-8B98-FA1E887C8B27}.Release|x64.Build.0 = Release|x64
		{AB5C6F4C-4862-4602-8B98-FA1E887C8B27}.Release|x86.ActiveCfg = Release|Win32
		{AB5C6F4C-4862-4602-8B98-FA1E887C8B27}.Release|x86.Build.0 = Release|Win32
		{ABFC69B6-1C75-4242-A498-690BA3060E62}.Debug|x64.ActiveCfg = Debug|x64
		{ABFC69B6-1C75-4242-A498-690BA3060E62}.Debug|x64.Build.0 = Debug|x64
		{ABFC69B6-1C75-4242-A498-690BA3060E62}.Debug|x86.ActiveCfg = Debug|Win32
		{ABFC69B6-1C75-4242-A498-690BA3060E62}.Debug|x86.Build.0 = Debug|Win32
		{ABFC69B6-1C75-4242-A498-690BA3060E62}.Release|x64.ActiveCfg = Release|x64
		{ABFC69B6-1C75-4242-A498-690BA3060E62}.Release|x64.Build.0 = Release|x64
		{ABFC69B6-1C75-4242-A498-690BA3060E62}.Release|x86.ActiveCfg = Release|Win32
		{ABFC69B6-1C75-4242-A498-690BA3060E62}.Release|x86.Build.0 = Release|Win32
		{C99C0707-C8DC-4F1B-A0F7-3E0775FDEA0E}.Debug|x64.ActiveCfg = Debug|x64
		{C99C0707-C8DC-4F1B-A0F7-3E0775FDEA0E}.Debug|x64.Build.0 = Debug|x64
		{C99C0707-C8DC-4F1B-A0F7-3E0775FDEA0E}.Debug|x86.ActiveCfg = Debug|Win32
		{C99C0707-C8DC-4F1B-A0F7-3E0775FDEA0E}.Debug|x86.Build.0 = Debug|Win32
		{C99C0707-C8DC-4F1B-A0F7-3E0775FDEA0E}.Release|x64.ActiveCfg = Release|x64
		{C99C0707-C8DC-4F1B-A0F7-3E0775FDEA0E}.Release|x64.Build.0 = Release|x64
		{C99C0707-C8DC-4F1B-A0F7-3E0775FDEA0E}.Release|x86.ActiveCfg = Release|Win32
		{C99C0707-C8DC-4F1B-A0F7-3E0775FDEA0E}.Release|x86.Build.0 = Release|Win32
		{BE38329A-F98E-4D2F-A420-8FA534FAD2A0}.Debug|x64.ActiveCfg = Debug|x64
		{BE38329A-F98E-4D2F-A420-8FA534FAD2A0}.Debug|x64.Build.0 = Debug|x64
		{BE38329A-F98E-4D2F-A420-8FA534FAD2A0}.Debug|x86.ActiveCfg = Debug|Win32
		{BE38329A-F98E-4D2F-A420-8FA534FAD2A0}.Debug|x86.Build.0 = Debug|Win32
		{BE38329A-F98E-4D2F-A420-8FA534FAD2A0}.Release|x64.ActiveCfg = Release|x64
		{BE38329A-F98E-4D2F-A420-8FA534FAD2A0}.Release|x64.Build.0 = Release|x64
		{BE38329A-F98E-4D2F-A420-8FA534FAD2A0}.Release|x86.ActiveCfg = Release|Win32
		{BE38329A-F98E-4D2F-A420-8FA534FAD2A0}.Release|x86.Build.0 = Release|Win32
		{DAFE0665-9F78-4F76-9DEA-53B2EEB985CD}.Debug|x64.ActiveCfg = Debug|x64
		{DAFE0665-9F78-4F76-9DEA-53B2EEB985CD}.Debug|x64.Build.0 = Debug|x64
		{DAFE0665-9F78-4F76-9DEA-53B2EEB985CD}.Debug|x86.ActiveCfg = Debug|Win32
		{DAFE0665-9F78-4F76-9DEA-53B2EEB985CD}.Debug|x86.Build.0 = Debug|Win32
		{DAFE0665-9F78-4F76-9DEA-53B2EEB985CD}.Release|x64.ActiveCfg = Release|x64
		{DAFE0665-9F78-4F76-9DEA-53B2EEB985CD}.Release|x64.Build.0 = Release|x64
		{DAFE0665-9F78-4F76-9DEA-53B2EEB985CD}.Release|x86.ActiveCfg = Release|Win32
		{DAFE0665-9F78-4F76-9DEA-53B2EEB985CD}.Release|x86.Build.0 = Release|Win32
		{8BD7BD3B-6DEC-4344-AF16-572C31099CFD}.Debug|x64.ActiveCfg = Debug|x64
		{8BD7BD3B-6DEC-4344-AF16-572C31099CFD}.Debug|x64.Build.0 = Debug|x64
		{8BD7BD3B-6DEC-4344-AF16-572C31099CFD}.Debug|x86.ActiveCfg = Debug|Win32
		{8BD7BD3B-6DEC-4344-AF16-572C31099CFD}.Debug|x86.Build.0 = Debug|Win32
		{8BD7BD3B-6DEC-4344-AF16-572C31099CFD}.Release|x64.ActiveCfg = Release|x64
		{8BD7BD3B-6DEC-4344-AF16-572C31099CFD}.Release|x64.Build.0 = Release|x64
		{8BD7BD3B-6DEC-4344-AF16-572C31099CFD}.Release|x86.ActiveCfg = Release|Win32
		{8BD7BD3B-6DEC-4344-AF16-572C31099CFD}.Release|x86.Build.0 = Release|Win32
		{690A1209-7064-43B2-9D11-FDBF388B17B0}.Debug|x64.ActiveCfg = Debug|x64
		{690A1209-7064-43B2-9D11-FDBF388B17B0}.Debug|x64.Build.0 = Debug|x64
		{690A1209-7064-43B2-9D11-FDBF388B17B0}.Debug|x86.ActiveCfg = Debug|Win32
		{690A1209-7064-43B2-9D11-FDBF388B17B0}.Debug|x86.Build.0 = Debug|Win32
		{690A1209-7064-43B2-9D11-FDBF388B17B0}.Release|x64.ActiveCfg = Release|x64
		{690A1209-7064-43B2-9D11-FDBF388B17B0}.Release|x64.Build.0 = Release|x64
		{690A1209-7064-43B2-9D11-FDBF388B17B0}.Release|x86.ActiveCfg = Release|Win32
		{690A1209-7064-43B2-9D11-FDBF388B17B0}.Release|x86.Build.0 = Release|Win32
		{A554D47C-DD72-4FDA-84A4-72A2156383ED}.Debug|x64.ActiveCfg = Debug|x64
		{A554D47C-DD72-4FDA-84A4-72A2156383ED}.Debug|x64.Build.0 = Debug|x64
		{A554D47C-DD72-4FDA-84A4-72A2156383ED}.Debug|x86.ActiveCfg = Debug|Win32
		{A554D47C-DD72-4FDA-84A4-72A2156383ED}.Debug|x86.Build.0 = Debug|Win32
		{A554D47C-DD72-4FDA-84A4-72A2156383ED}.Release|x64.ActiveCfg = Release|x64
		{A554D47C-DD72-4FDA-84A4-72A2156383ED}.Release|x64.Build.0 = Release|x64
		{A554D47C-DD72-4FDA-84A4-72A2156383ED}.Release|x86.ActiveCfg = Release|Win32
		{A554D47C-DD72-4FDA-84A4-72A2156383ED}.Release|x86.Build.0 = Release|Win32
		{2A1AF639-4CA4-4B5F-9E18-2695E4BC947B}.Debug|x64.ActiveCfg = Debug|x64
		{2A1AF639-4CA4-4B5F-9E18-2695E4BC947B}.Debug|x64.Build.0 = Debug|x64
		{2A1AF639-4CA4-4B5F-9E18-2695E4BC947B}.Debug|x86.ActiveCfg = Debug|Win32
		{2A1AF639-4CA4-4B5F-9E18-2695E4BC947B}.Debug|x86.Build.0 = Debug|Win32
		{2A1AF639-4CA4-4B5F-9E18-2695E4BC947B}.Release|x64.ActiveCfg = Release|x64
		{2A1AF639-4CA4-4B5F-9E18-2695E4BC947B}.Release|x64.Build.0 = Release|x64
		{2A1AF639-4CA4-4B5F-9E18-2695E4BC947B}.Release|x86.ActiveCfg = Release|Win32
		{2A1AF639-4CA4-4B5F-9E18-2695E4BC947B}.Release|x86.Build.0 = Release|Win32
		{683F0528-4A10-4C60-B7C1-B52479B24BA4}.Debug|x64.ActiveCfg = Debug|x64
		{683F0528-4A10-4C60-B7C1-B52479B24BA4}.Debug|x64.Build.0 = Debug|x64
		{683F0528-4A10-4C60-B7C1-B52479B24BA4}.Debug|x86.ActiveCfg = Debug|Win32
		{683F0528-4A10-4C60-B7C1-B52479B24BA4}.Debug|x86.Build.0 = Debug|Win32
		{683F0528-4A10-4C60-B7C1-B52479B24BA4}.Release|x64.ActiveCfg = Release|x64
		{683F0528-4A10-4C60-B7C1-B52479B24BA4}.Release|x64.Build.0 = Release|x64
		{683F0528-4A10-4C60-B7C1-B52479B24BA4}.Release|x86.ActiveCfg = Release|Win32
		{683F0528-4A10-4C60-B7C1-B52479B24BA4}.Release|x86.Build.0 = Release|Win32
		{FF2EA950-6761-4AA7-B6C4-353911E4A38C}.Debug|x64.ActiveCfg = Debug|x64
		{FF2EA950-6761-4AA7-B6C4-353911E4A38C}.Debug|x64.Build.0 = Debug|x64
		{FF2EA950-6761-4AA7-B6C4-353911E4A38C}.Debug|x86.ActiveCfg = Debug|Win32
		{FF2EA950-6761-4AA7-B6C4-353911E4A38C}.Debug|x86.Build.0 = Debug|Win32
		{FF2EA950-6761-4AA7-B6C4-353911E4A38C}.Release|x64.ActiveCfg = Release|x64
		{FF2EA950-6761-4AA7-B6C4-353911E4A38C}.Release|x64.Build.0 = Release|x64
		{FF2EA950-6761-4AA7-B6C4-353911E4A38C}.Release|x86.ActiveCfg = Release|Win32
		{FF2EA950-6761-4AA7-B6C4-353911E4A38C}.Release|x86.Build.0 = Release|Win32
		{56415E13-103F-437C-8D7B-FCDC7410CFF1}.Debug|x64.ActiveCfg = Debug|x64
		{56415E13-103F-437C-8D7B-FCDC7410CFF1}.Debug|x64.Build.0 = Debug|x64
		{56415E13-103F-437C-8D7B-FCDC7410CFF1}.Debug|x86.ActiveCfg = Debug|Win32
		{56415E13-103F-437C-8D7B-FCDC7410CFF1}.Debug|x86.Build.0 = Debug|Win32
		{56415E13-103F-437C-8D7B-FCDC7410CFF1}.Release|x64.ActiveCfg = Release|x64
		{56415E13-103F-437C-8D7B-FCDC7410CFF1}.Release|x64.Build.0 = Release|x64
		{56415E13-103F-437C-8D7B-FCDC7410CFF1}.Release|x86.ActiveCfg = Release|Win32
		{56415E13-103F-437C-8D7B-FCDC7410CFF1}.Release|x86.Build.0 = Release|Win32
		{651B9D74-7DC1-468B-B1C7-EE45DD6EE351}.Debug|x64.ActiveCfg = Debug|x64
		{651B9D74-7DC1-468B-B1C7-EE45DD6EE351}.Debug|x64.Build.0 = Debug|x64
		{651B9D74-7DC1-468B-B1C7-EE45DD6EE351}.Debug|x86.ActiveCfg = Debug|Win32
		{651B9D74-7DC1-468B-B1C7-EE45DD6EE351}.Debug|x86.Build.0 = Debug|Win32
		{651B9D74-7DC1-468B-B1C7-EE45DD6EE351}.Release|x64.ActiveCfg = Release|x64
		{651B9D74-7DC1-468B-B1C7-EE45DD6EE351}.Release|x64.Build.0 = Release|x64
		{651B9D74-7DC1-468B-B1C7-EE45DD6EE351}.Release|x86.ActiveCfg = Release|Win32
		{651B9D74-7DC1-468B-B1C7-EE45DD6EE351}.Release|x86.Build.0 = Release|Win32
		{46DF4CED-8254-4732-A85A-5F48EA980566}.Debug|x64.ActiveCfg = Debug|x64
		{46DF4CED-8254-4732-A85A-5F48EA980566}.Debug|x64.Build.0 = Debug|x64
		{46DF4CED-8254-4732-A85A-5F48EA980566}.Debug|x86.ActiveCfg = Debug|Win32
		{46DF4CED-8254-4732-A85A-5F48EA980566}.Debug|x86.Build.0 = Debug|Win32
		{46DF4CED-8254-4732-A85A-5F48EA980566}.Release|x64.ActiveCfg = Release|x64
		{46DF4CED-8254-4732-A85A-5F48EA980566}.Release|x64.Build.0 = Release|x64
		{46DF4CED-8254-4732-A85A-5F48EA980566}.Release|x86.ActiveCfg = Release|Win32
		{46DF4CED-8254-4732-A85A-5F48EA980566}.Release|x86.Build.0 = Release|Win32
		{5FF1B97D-9287-4921-A2FC-80CA78DE7245}.Debug|x64.ActiveCfg = Debug|x64
		{5FF1B97D-9287-4921-A2FC-80CA78DE7245}.Debug|x64.Build.0 = Debug|x64
		{5FF1B97D-9287-4921-A2FC-80CA78DE7245}.Debug|x86.ActiveCfg = Debug|Win32
		{5FF1B97D-9287-4921-A2FC-80CA78DE7245}.Debug|x86.Build.0 = Debug|Win32
		{5FF1B97D-9287-4921-A2FC-80CA78DE7245}.Release|x64.ActiveCfg = Release|x64
		{5FF1B97D-9287-4921-A2FC-80CA78DE7245}.Release|x64.Build.0 = Release|x64
		{5FF1B97D-9287-4921-A2FC-80CA78DE7245}.Release|x86.ActiveCfg = Release|Win32
		{5FF1B97D-9287-4921-A2FC-80CA78DE7245}.Release|x86.Build.0 = Release|Win32
		{F0FC51BA-6024-4DBA-AF6F-F4E4D1041542}.Debug|x64.ActiveCfg = Debug|x64
		{F0FC51BA-6024-4DBA-AF6F-F4E4D1041542}.Debug|x64.Build.0 = Debug|x64
		{F0FC51BA-6024-4DBA-AF6F-F4E4D1041542}.Debug|x86.ActiveCfg = Debug|Win32
		{F0FC51BA-6024-4DBA-AF6F-F4E4D1041542}.Debug|x86.Build.0 = Debug|Win32
		{F0FC51BA-6024-4DBA-AF6F-F4E4D1041542}.Release|x64.ActiveCfg = Release|x64
		{F0FC51BA-6024-4DBA-AF6F-F4E4D1041542}.Release|x64.Build.0 = Release|x64
		{F0FC51BA-6024-4DBA-AF6F-F4E4D1041542}.Release|x86.ActiveCfg = Release|Win32
		{F0FC51BA-6024-4DBA-AF6F-F4E4D1041542}.Release|x86.Build.0 = Release|Win32
		{95773052-2908-4FA6-B791-61AB946161E4}.Debug|x64.ActiveCfg = Debug|x64
		{95773052-2908-4FA6-B791-61AB946161E4}.Debug|x64.Build.0 = Debug|x64
		{95773052-2908-4FA6-B791-61AB946161E4}.Debug|x86.ActiveCfg = Debug|Win32
		{95773052-2908-4FA6-B791-61AB946161E4}.Debug|x86.Build.0 = Debug|Win32
		{95773052-2908-4FA6-B791-61AB946161E4}.Release|x64.ActiveCfg = Release|x64
		{95773052-2908-4FA6-B791-61AB946161E4}.Release|x64.Build.0 = Release|x64
		{95773052-2908-4FA6-B791-61AB946161E4}.Release|x86.ActiveCfg = Release|Win32
		{95773052-2908-4FA6-B791-61AB946161E4}.Release|x86.Build.0 = Release|Win32
		{E53033C9-B55F-469D-8FC9-B904C9D3873A}.Debug|x64.ActiveCfg = Debug|x64
		{E53033C9-B55F-469D-8FC9-B904C9D3873A}.Debug|x64.Build.0 = Debug|x64
		{E53033C9-B55F-469D-8FC9-B904C9D3873A}.Debug|x86.ActiveCfg = Debug|Win32
		{E53033C9-B55F-469D-8FC9-B904C9D3873A}.Debug|x86.Build.0 = Debug|Win32
		{E53033C9-B55F-469D-8FC9-B904C9D3873A}.Release|x64.ActiveCfg = Release|x64
		{E53033C9-B55F-469D-8FC9-B904C9D3873A}.Release|x64.Build.0 = Release|x64
		{E53033C9-B55F-469D-8FC9-B904C9D3873A}.Release|x86.ActiveCfg = Release|Win32
		{E53033C9-B55F-469D-8FC9-B904C9D3873A}.Release|x86.Build.0 = Release|Win32
		{10DF39DE-D16A-4B52-A1AF-0811FF56D4A4}.Debug|x64.ActiveCfg = Debug|x64
		{10DF39DE-D16A-4B52-A1AF-0811FF56D4A4}.Debug|x64.Build.0 = Debug|x64
		{10DF39DE-D16A-4B52-A1AF-0811FF56D4A4}.Debug|x86.ActiveCfg = Debug|Win32
		{10DF39DE-D16A-4B52-A1AF-0811FF56D4A4}.Debug|x86.Build.0 = Debug|Win32
		{10DF39DE-D16A-4B52-A1AF-0811FF56D4A4}.Release|x64.ActiveCfg = Release|x64
		{10DF39DE-D16A-4B52-A1AF-0811FF56D4A4}.Release|x64.Build.0 = Release|x64
		{10DF39DE-D16A-4B52-A1AF-0811FF56D4A4}.Release|x86.ActiveCfg = Release|Win32
		{10DF39DE-D16A-4B52-A1AF-0811FF56D4A4}.Release|x86.Build.0 = Release|Win32
	EndGlobalSection
	GlobalSection(SolutionProperties) = preSolution
		HideSolutionNode = FALSE
	EndGlobalSection
	GlobalSection(ExtensibilityGlobals) = postSolution
		SolutionGuid = {9C08A3B1-5C89-4B13-AF38-1D959FAF841D}
	EndGlobalSection
EndGlobal
