
Microsoft Visual Studio Solution File, Format Version 12.00
# Visual Studio Version 17
VisualStudioVersion = 17.2.32630.192
MinimumVisualStudioVersion = 10.0.40219.1
Project("{FAE04EC0-301F-11D3-BF4B-00C04F79EFBC}") = "字段、属性、索引器、常量", "字段、属性、索引器、常量\字段、属性、索引器、常量.csproj", "{018B60A3-D034-4819-9BDF-579FB67CAD01}"
EndProject
Global
	GlobalSection(SolutionConfigurationPlatforms) = preSolution
		Debug|Any CPU = Debug|Any CPU
		Release|Any CPU = Release|Any CPU
	EndGlobalSection
	GlobalSection(ProjectConfigurationPlatforms) = postSolution
		{018B60A3-D034-4819-9BDF-579FB67CAD01}.Debug|Any CPU.ActiveCfg = Debug|Any CPU
		{018B60A3-D034-4819-9BDF-579FB67CAD01}.Debug|Any CPU.Build.0 = Debug|Any CPU
		{018B60A3-D034-4819-9BDF-579FB67CAD01}.Release|Any CPU.ActiveCfg = Release|Any CPU
		{018B60A3-D034-4819-9BDF-579FB67CAD01}.Release|Any CPU.Build.0 = Release|Any CPU
	EndGlobalSection
	GlobalSection(SolutionProperties) = preSolution
		HideSolutionNode = FALSE
	EndGlobalSection
	GlobalSection(ExtensibilityGlobals) = postSolution
		SolutionGuid = {90D83E6B-0A2D-4C61-9323-FF0F2B3BE991}
	EndGlobalSection
EndGlobal
