
Microsoft Visual Studio Solution File, Format Version 12.00
# Visual Studio Version 17
VisualStudioVersion = 17.2.32630.192
MinimumVisualStudioVersion = 10.0.40219.1
Project("{FAE04EC0-301F-11D3-BF4B-00C04F79EFBC}") = "160集_参数数组_一个形参个数不确定的函数", "160集_参数数组_一个形参个数不确定的函数\160集_参数数组_一个形参个数不确定的函数.csproj", "{2443F540-D30A-4DFA-AFAA-1F7A66340F20}"
EndProject
Project("{FAE04EC0-301F-11D3-BF4B-00C04F79EFBC}") = "163集_委托的定义和声明", "163集_委托的定义和声明\163集_委托的定义和声明.csproj", "{18804805-BA65-4F3C-8737-34AB9B2A11BF}"
EndProject
Global
	GlobalSection(SolutionConfigurationPlatforms) = preSolution
		Debug|Any CPU = Debug|Any CPU
		Release|Any CPU = Release|Any CPU
	EndGlobalSection
	GlobalSection(ProjectConfigurationPlatforms) = postSolution
		{2443F540-D30A-4DFA-AFAA-1F7A66340F20}.Debug|Any CPU.ActiveCfg = Debug|Any CPU
		{2443F540-D30A-4DFA-AFAA-1F7A66340F20}.Debug|Any CPU.Build.0 = Debug|Any CPU
		{2443F540-D30A-4DFA-AFAA-1F7A66340F20}.Release|Any CPU.ActiveCfg = Release|Any CPU
		{2443F540-D30A-4DFA-AFAA-1F7A66340F20}.Release|Any CPU.Build.0 = Release|Any CPU
		{18804805-BA65-4F3C-8737-34AB9B2A11BF}.Debug|Any CPU.ActiveCfg = Debug|Any CPU
		{18804805-BA65-4F3C-8737-34AB9B2A11BF}.Debug|Any CPU.Build.0 = Debug|Any CPU
		{18804805-BA65-4F3C-8737-34AB9B2A11BF}.Release|Any CPU.ActiveCfg = Release|Any CPU
		{18804805-BA65-4F3C-8737-34AB9B2A11BF}.Release|Any CPU.Build.0 = Release|Any CPU
	EndGlobalSection
	GlobalSection(SolutionProperties) = preSolution
		HideSolutionNode = FALSE
	EndGlobalSection
	GlobalSection(ExtensibilityGlobals) = postSolution
		SolutionGuid = {8260ACB6-F4C3-4E84-9006-CB1E53F698AF}
	EndGlobalSection
EndGlobal
