
Microsoft Visual Studio Solution File, Format Version 12.00
# Visual Studio Version 16
VisualStudioVersion = 16.0.35229.62
MinimumVisualStudioVersion = 10.0.40219.1
Project("{8BC9CEB8-8B4A-11D0-8D11-00A0C91BC942}") = "01_KMDFDemo", "01_KMDFDemo\01_KMDFDemo.vcxproj", "{F1747583-E112-48FA-9768-B6EF96BBF6D3}"
EndProject
Project("{8BC9CEB8-8B4A-11D0-8D11-00A0C91BC942}") = "03_UserTest", "03_UserTest\03_UserTest.vcxproj", "{92FEAB53-3138-4E66-9468-C7331E394292}"
EndProject
Project("{8BC9CEB8-8B4A-11D0-8D11-00A0C91BC942}") = "04_01_WDFIOQueue", "04_01_WDFIOQueue\04_01_WDFIOQueue.vcxproj", "{3F762A6C-8EE0-47A6-ABAB-4D9F997DF3BD}"
EndProject
Project("{8BC9CEB8-8B4A-11D0-8D11-00A0C91BC942}") = "04_02_UserTest", "04_02_UserTest\04_02_UserTest.vcxproj", "{5968AAA9-E9CE-4A4B-B4EF-5F3B05E5F666}"
EndProject
Global
	GlobalSection(SolutionConfigurationPlatforms) = preSolution
		Debug|ARM = Debug|ARM
		Debug|ARM64 = Debug|ARM64
		Debug|x64 = Debug|x64
		Debug|x86 = Debug|x86
		Release|ARM = Release|ARM
		Release|ARM64 = Release|ARM64
		Release|x64 = Release|x64
		Release|x86 = Release|x86
	EndGlobalSection
	GlobalSection(ProjectConfigurationPlatforms) = postSolution
		{F1747583-E112-48FA-9768-B6EF96BBF6D3}.Debug|ARM.ActiveCfg = Debug|ARM
		{F1747583-E112-48FA-9768-B6EF96BBF6D3}.Debug|ARM.Build.0 = Debug|ARM
		{F1747583-E112-48FA-9768-B6EF96BBF6D3}.Debug|ARM.Deploy.0 = Debug|ARM
		{F1747583-E112-48FA-9768-B6EF96BBF6D3}.Debug|ARM64.ActiveCfg = Debug|ARM64
		{F1747583-E112-48FA-9768-B6EF96BBF6D3}.Debug|ARM64.Build.0 = Debug|ARM64
		{F1747583-E112-48FA-9768-B6EF96BBF6D3}.Debug|ARM64.Deploy.0 = Debug|ARM64
		{F1747583-E112-48FA-9768-B6EF96BBF6D3}.Debug|x64.ActiveCfg = Debug|x64
		{F1747583-E112-48FA-9768-B6EF96BBF6D3}.Debug|x64.Build.0 = Debug|x64
		{F1747583-E112-48FA-9768-B6EF96BBF6D3}.Debug|x64.Deploy.0 = Debug|x64
		{F1747583-E112-48FA-9768-B6EF96BBF6D3}.Debug|x86.ActiveCfg = Debug|Win32
		{F1747583-E112-48FA-9768-B6EF96BBF6D3}.Debug|x86.Build.0 = Debug|Win32
		{F1747583-E112-48FA-9768-B6EF96BBF6D3}.Debug|x86.Deploy.0 = Debug|Win32
		{F1747583-E112-48FA-9768-B6EF96BBF6D3}.Release|ARM.ActiveCfg = Release|ARM
		{F1747583-E112-48FA-9768-B6EF96BBF6D3}.Release|ARM.Build.0 = Release|ARM
		{F1747583-E112-48FA-9768-B6EF96BBF6D3}.Release|ARM.Deploy.0 = Release|ARM
		{F1747583-E112-48FA-9768-B6EF96BBF6D3}.Release|ARM64.ActiveCfg = Release|ARM64
		{F1747583-E112-48FA-9768-B6EF96BBF6D3}.Release|ARM64.Build.0 = Release|ARM64
		{F1747583-E112-48FA-9768-B6EF96BBF6D3}.Release|ARM64.Deploy.0 = Release|ARM64
		{F1747583-E112-48FA-9768-B6EF96BBF6D3}.Release|x64.ActiveCfg = Release|x64
		{F1747583-E112-48FA-9768-B6EF96BBF6D3}.Release|x64.Build.0 = Release|x64
		{F1747583-E112-48FA-9768-B6EF96BBF6D3}.Release|x64.Deploy.0 = Release|x64
		{F1747583-E112-48FA-9768-B6EF96BBF6D3}.Release|x86.ActiveCfg = Release|Win32
		{F1747583-E112-48FA-9768-B6EF96BBF6D3}.Release|x86.Build.0 = Release|Win32
		{F1747583-E112-48FA-9768-B6EF96BBF6D3}.Release|x86.Deploy.0 = Release|Win32
		{92FEAB53-3138-4E66-9468-C7331E394292}.Debug|ARM.ActiveCfg = Debug|Win32
		{92FEAB53-3138-4E66-9468-C7331E394292}.Debug|ARM64.ActiveCfg = Debug|Win32
		{92FEAB53-3138-4E66-9468-C7331E394292}.Debug|x64.ActiveCfg = Debug|x64
		{92FEAB53-3138-4E66-9468-C7331E394292}.Debug|x64.Build.0 = Debug|x64
		{92FEAB53-3138-4E66-9468-C7331E394292}.Debug|x86.ActiveCfg = Debug|Win32
		{92FEAB53-3138-4E66-9468-C7331E394292}.Debug|x86.Build.0 = Debug|Win32
		{92FEAB53-3138-4E66-9468-C7331E394292}.Release|ARM.ActiveCfg = Release|Win32
		{92FEAB53-3138-4E66-9468-C7331E394292}.Release|ARM64.ActiveCfg = Release|Win32
		{92FEAB53-3138-4E66-9468-C7331E394292}.Release|x64.ActiveCfg = Release|x64
		{92FEAB53-3138-4E66-9468-C7331E394292}.Release|x64.Build.0 = Release|x64
		{92FEAB53-3138-4E66-9468-C7331E394292}.Release|x86.ActiveCfg = Release|Win32
		{92FEAB53-3138-4E66-9468-C7331E394292}.Release|x86.Build.0 = Release|Win32
		{3F762A6C-8EE0-47A6-ABAB-4D9F997DF3BD}.Debug|ARM.ActiveCfg = Debug|ARM
		{3F762A6C-8EE0-47A6-ABAB-4D9F997DF3BD}.Debug|ARM.Build.0 = Debug|ARM
		{3F762A6C-8EE0-47A6-ABAB-4D9F997DF3BD}.Debug|ARM.Deploy.0 = Debug|ARM
		{3F762A6C-8EE0-47A6-ABAB-4D9F997DF3BD}.Debug|ARM64.ActiveCfg = Debug|ARM64
		{3F762A6C-8EE0-47A6-ABAB-4D9F997DF3BD}.Debug|ARM64.Build.0 = Debug|ARM64
		{3F762A6C-8EE0-47A6-ABAB-4D9F997DF3BD}.Debug|ARM64.Deploy.0 = Debug|ARM64
		{3F762A6C-8EE0-47A6-ABAB-4D9F997DF3BD}.Debug|x64.ActiveCfg = Debug|x64
		{3F762A6C-8EE0-47A6-ABAB-4D9F997DF3BD}.Debug|x64.Build.0 = Debug|x64
		{3F762A6C-8EE0-47A6-ABAB-4D9F997DF3BD}.Debug|x64.Deploy.0 = Debug|x64
		{3F762A6C-8EE0-47A6-ABAB-4D9F997DF3BD}.Debug|x86.ActiveCfg = Debug|Win32
		{3F762A6C-8EE0-47A6-ABAB-4D9F997DF3BD}.Debug|x86.Build.0 = Debug|Win32
		{3F762A6C-8EE0-47A6-ABAB-4D9F997DF3BD}.Debug|x86.Deploy.0 = Debug|Win32
		{3F762A6C-8EE0-47A6-ABAB-4D9F997DF3BD}.Release|ARM.ActiveCfg = Release|ARM
		{3F762A6C-8EE0-47A6-ABAB-4D9F997DF3BD}.Release|ARM.Build.0 = Release|ARM
		{3F762A6C-8EE0-47A6-ABAB-4D9F997DF3BD}.Release|ARM.Deploy.0 = Release|ARM
		{3F762A6C-8EE0-47A6-ABAB-4D9F997DF3BD}.Release|ARM64.ActiveCfg = Release|ARM64
		{3F762A6C-8EE0-47A6-ABAB-4D9F997DF3BD}.Release|ARM64.Build.0 = Release|ARM64
		{3F762A6C-8EE0-47A6-ABAB-4D9F997DF3BD}.Release|ARM64.Deploy.0 = Release|ARM64
		{3F762A6C-8EE0-47A6-ABAB-4D9F997DF3BD}.Release|x64.ActiveCfg = Release|x64
		{3F762A6C-8EE0-47A6-ABAB-4D9F997DF3BD}.Release|x64.Build.0 = Release|x64
		{3F762A6C-8EE0-47A6-ABAB-4D9F997DF3BD}.Release|x64.Deploy.0 = Release|x64
		{3F762A6C-8EE0-47A6-ABAB-4D9F997DF3BD}.Release|x86.ActiveCfg = Release|Win32
		{3F762A6C-8EE0-47A6-ABAB-4D9F997DF3BD}.Release|x86.Build.0 = Release|Win32
		{3F762A6C-8EE0-47A6-ABAB-4D9F997DF3BD}.Release|x86.Deploy.0 = Release|Win32
		{5968AAA9-E9CE-4A4B-B4EF-5F3B05E5F666}.Debug|ARM.ActiveCfg = Debug|Win32
		{5968AAA9-E9CE-4A4B-B4EF-5F3B05E5F666}.Debug|ARM64.ActiveCfg = Debug|Win32
		{5968AAA9-E9CE-4A4B-B4EF-5F3B05E5F666}.Debug|x64.ActiveCfg = Debug|x64
		{5968AAA9-E9CE-4A4B-B4EF-5F3B05E5F666}.Debug|x64.Build.0 = Debug|x64
		{5968AAA9-E9CE-4A4B-B4EF-5F3B05E5F666}.Debug|x86.ActiveCfg = Debug|Win32
		{5968AAA9-E9CE-4A4B-B4EF-5F3B05E5F666}.Debug|x86.Build.0 = Debug|Win32
		{5968AAA9-E9CE-4A4B-B4EF-5F3B05E5F666}.Release|ARM.ActiveCfg = Release|Win32
		{5968AAA9-E9CE-4A4B-B4EF-5F3B05E5F666}.Release|ARM64.ActiveCfg = Release|Win32
		{5968AAA9-E9CE-4A4B-B4EF-5F3B05E5F666}.Release|x64.ActiveCfg = Release|x64
		{5968AAA9-E9CE-4A4B-B4EF-5F3B05E5F666}.Release|x64.Build.0 = Release|x64
		{5968AAA9-E9CE-4A4B-B4EF-5F3B05E5F666}.Release|x86.ActiveCfg = Release|Win32
		{5968AAA9-E9CE-4A4B-B4EF-5F3B05E5F666}.Release|x86.Build.0 = Release|Win32
	EndGlobalSection
	GlobalSection(SolutionProperties) = preSolution
		HideSolutionNode = FALSE
	EndGlobalSection
	GlobalSection(ExtensibilityGlobals) = postSolution
		SolutionGuid = {5F379357-678B-4978-BC21-BCA576A65281}
	EndGlobalSection
EndGlobal
