
Microsoft Visual Studio Solution File, Format Version 12.00
# Visual Studio Version 16
VisualStudioVersion = 16.0.35229.62
MinimumVisualStudioVersion = 10.0.40219.1
Project("{8BC9CEB8-8B4A-11D0-8D11-00A0C91BC942}") = "01_05_VSGenarateWDMINF", "01_05_VSGenarateWDMINF\01_05_VSGenarateWDMINF.vcxproj", "{BA8D3CC8-C466-4393-BB81-D8A8AEC51D11}"
EndProject
Global
	GlobalSection(SolutionConfigurationPlatforms) = preSolution
		Debug|ARM = Debug|ARM
		Debug|ARM64 = Debug|ARM64
		Debug|x64 = Debug|x64
		Debug|x86 = Debug|x86
		Release|ARM = Release|ARM
		Release|ARM64 = Release|ARM64
		Release|x64 = Release|x64
		Release|x86 = Release|x86
	EndGlobalSection
	GlobalSection(ProjectConfigurationPlatforms) = postSolution
		{BA8D3CC8-C466-4393-BB81-D8A8AEC51D11}.Debug|ARM.ActiveCfg = Debug|ARM
		{BA8D3CC8-C466-4393-BB81-D8A8AEC51D11}.Debug|ARM.Build.0 = Debug|ARM
		{BA8D3CC8-C466-4393-BB81-D8A8AEC51D11}.Debug|ARM.Deploy.0 = Debug|ARM
		{BA8D3CC8-C466-4393-BB81-D8A8AEC51D11}.Debug|ARM64.ActiveCfg = Debug|ARM64
		{BA8D3CC8-C466-4393-BB81-D8A8AEC51D11}.Debug|ARM64.Build.0 = Debug|ARM64
		{BA8D3CC8-C466-4393-BB81-D8A8AEC51D11}.Debug|ARM64.Deploy.0 = Debug|ARM64
		{BA8D3CC8-C466-4393-BB81-D8A8AEC51D11}.Debug|x64.ActiveCfg = Debug|x64
		{BA8D3CC8-C466-4393-BB81-D8A8AEC51D11}.Debug|x64.Build.0 = Debug|x64
		{BA8D3CC8-C466-4393-BB81-D8A8AEC51D11}.Debug|x64.Deploy.0 = Debug|x64
		{BA8D3CC8-C466-4393-BB81-D8A8AEC51D11}.Debug|x86.ActiveCfg = Debug|Win32
		{BA8D3CC8-C466-4393-BB81-D8A8AEC51D11}.Debug|x86.Build.0 = Debug|Win32
		{BA8D3CC8-C466-4393-BB81-D8A8AEC51D11}.Debug|x86.Deploy.0 = Debug|Win32
		{BA8D3CC8-C466-4393-BB81-D8A8AEC51D11}.Release|ARM.ActiveCfg = Release|ARM
		{BA8D3CC8-C466-4393-BB81-D8A8AEC51D11}.Release|ARM.Build.0 = Release|ARM
		{BA8D3CC8-C466-4393-BB81-D8A8AEC51D11}.Release|ARM.Deploy.0 = Release|ARM
		{BA8D3CC8-C466-4393-BB81-D8A8AEC51D11}.Release|ARM64.ActiveCfg = Release|ARM64
		{BA8D3CC8-C466-4393-BB81-D8A8AEC51D11}.Release|ARM64.Build.0 = Release|ARM64
		{BA8D3CC8-C466-4393-BB81-D8A8AEC51D11}.Release|ARM64.Deploy.0 = Release|ARM64
		{BA8D3CC8-C466-4393-BB81-D8A8AEC51D11}.Release|x64.ActiveCfg = Release|x64
		{BA8D3CC8-C466-4393-BB81-D8A8AEC51D11}.Release|x64.Build.0 = Release|x64
		{BA8D3CC8-C466-4393-BB81-D8A8AEC51D11}.Release|x64.Deploy.0 = Release|x64
		{BA8D3CC8-C466-4393-BB81-D8A8AEC51D11}.Release|x86.ActiveCfg = Release|Win32
		{BA8D3CC8-C466-4393-BB81-D8A8AEC51D11}.Release|x86.Build.0 = Release|Win32
		{BA8D3CC8-C466-4393-BB81-D8A8AEC51D11}.Release|x86.Deploy.0 = Release|Win32
	EndGlobalSection
	GlobalSection(SolutionProperties) = preSolution
		HideSolutionNode = FALSE
	EndGlobalSection
	GlobalSection(ExtensibilityGlobals) = postSolution
		SolutionGuid = {6EDF88B1-3546-48FC-A9DE-395D4B076F23}
	EndGlobalSection
EndGlobal
