
Microsoft Visual Studio Solution File, Format Version 12.00
# Visual Studio Version 16
VisualStudioVersion = 16.0.35229.62
MinimumVisualStudioVersion = 10.0.40219.1
Project("{8BC9CEB8-8B4A-11D0-8D11-00A0C91BC942}") = "01_05_VSGenarateWDMINF", "01_05_VSGenarateWDMINF\01_05_VSGenarateWDMINF.vcxproj", "{BA8D3CC8-C466-4393-BB81-D8A8AEC51D11}"
EndProject
Project("{8BC9CEB8-8B4A-11D0-8D11-00A0C91BC942}") = "02_01_WDmDriverDemo", "02_01_WDmDriverDemo\02_01_WDmDriverDemo.vcxproj", "{22CB070F-7E27-416A-9241-D946ACB56F4A}"
EndProject
Project("{8BC9CEB8-8B4A-11D0-8D11-00A0C91BC942}") = "02_04_DeviceInterfaceAndSysbolicLink", "02_04_DeviceInterfaceAndSysbolicLink\02_04_DeviceInterfaceAndSysbolicLink.vcxproj", "{E4BA317A-2FF7-4AF4-97B2-C653184D4844}"
EndProject
Project("{8BC9CEB8-8B4A-11D0-8D11-00A0C91BC942}") = "02_05_应用程序获取设备接口", "02_05_应用程序获取设备接口\02_05_应用程序获取设备接口.vcxproj", "{458B0186-4978-4436-AC4F-8CFBF5626C4D}"
EndProject
Project("{8BC9CEB8-8B4A-11D0-8D11-00A0C91BC942}") = "02_06_PNPHandle", "02_06_PNPHandle\02_06_PNPHandle.vcxproj", "{069F4B8E-C663-4AC7-957B-83EE72F561DE}"
EndProject
Project("{8BC9CEB8-8B4A-11D0-8D11-00A0C91BC942}") = "02_08_EnumPhysicalSource", "02_08_EnumPhysicalSource\02_08_EnumPhysicalSource.vcxproj", "{18E0CD2C-DD01-4E20-8F1E-1164C5B5CAAC}"
EndProject
Project("{8BC9CEB8-8B4A-11D0-8D11-00A0C91BC942}") = "02_11_DriverSupportEject", "02_11_DriverSupportEject\02_11_DriverSupportEject.vcxproj", "{354F293E-5508-4633-B0AA-472EA94154A6}"
EndProject
Project("{8BC9CEB8-8B4A-11D0-8D11-00A0C91BC942}") = "02_12_IOPortOperate", "02_12_IOPortOperate\02_12_IOPortOperate.vcxproj", "{ED8E44A0-3FF2-4D82-96AB-B1606055FC30}"
EndProject
Project("{8BC9CEB8-8B4A-11D0-8D11-00A0C91BC942}") = "02_13_HormSound", "02_13_HormSound\02_13_HormSound.vcxproj", "{B1DEC1FB-FB01-4887-B6F4-7CF0E0102FC1}"
EndProject
Project("{8BC9CEB8-8B4A-11D0-8D11-00A0C91BC942}") = "03_02_AccessPCIConfigSpace01", "03_02_AccessPCIConfigSpace01\03_02_AccessPCIConfigSpace01.vcxproj", "{5C67FA75-6F22-41D7-95AD-39F093997C86}"
EndProject
Project("{8BC9CEB8-8B4A-11D0-8D11-00A0C91BC942}") = "03_03_AccessPCIConfigSpace02", "03_03_AccessPCIConfigSpace02\03_03_AccessPCIConfigSpace02.vcxproj", "{2E174DA4-67D8-4B1D-81F2-063FA28B9B6F}"
EndProject
Project("{8BC9CEB8-8B4A-11D0-8D11-00A0C91BC942}") = "03_05_MMapAndIoConnectIrp", "03_05_MMapAndIoConnectIrp\03_05_MMapAndIoConnectIrp.vcxproj", "{9FFAC1DE-3286-413C-95D7-4D3C69139819}"
EndProject
Project("{8BC9CEB8-8B4A-11D0-8D11-00A0C91BC942}") = "03_06_AccessPCIConfigSpace04", "03_06_AccessPCIConfigSpace04\03_06_AccessPCIConfigSpace04.vcxproj", "{E1DAB884-49EC-4550-9986-AEAC9E822F20}"
EndProject
Global
	GlobalSection(SolutionConfigurationPlatforms) = preSolution
		Debug|ARM = Debug|ARM
		Debug|ARM64 = Debug|ARM64
		Debug|x64 = Debug|x64
		Debug|x86 = Debug|x86
		Release|ARM = Release|ARM
		Release|ARM64 = Release|ARM64
		Release|x64 = Release|x64
		Release|x86 = Release|x86
	EndGlobalSection
	GlobalSection(ProjectConfigurationPlatforms) = postSolution
		{BA8D3CC8-C466-4393-BB81-D8A8AEC51D11}.Debug|ARM.ActiveCfg = Debug|ARM
		{BA8D3CC8-C466-4393-BB81-D8A8AEC51D11}.Debug|ARM.Build.0 = Debug|ARM
		{BA8D3CC8-C466-4393-BB81-D8A8AEC51D11}.Debug|ARM.Deploy.0 = Debug|ARM
		{BA8D3CC8-C466-4393-BB81-D8A8AEC51D11}.Debug|ARM64.ActiveCfg = Debug|ARM64
		{BA8D3CC8-C466-4393-BB81-D8A8AEC51D11}.Debug|ARM64.Build.0 = Debug|ARM64
		{BA8D3CC8-C466-4393-BB81-D8A8AEC51D11}.Debug|ARM64.Deploy.0 = Debug|ARM64
		{BA8D3CC8-C466-4393-BB81-D8A8AEC51D11}.Debug|x64.ActiveCfg = Debug|x64
		{BA8D3CC8-C466-4393-BB81-D8A8AEC51D11}.Debug|x64.Build.0 = Debug|x64
		{BA8D3CC8-C466-4393-BB81-D8A8AEC51D11}.Debug|x64.Deploy.0 = Debug|x64
		{BA8D3CC8-C466-4393-BB81-D8A8AEC51D11}.Debug|x86.ActiveCfg = Debug|Win32
		{BA8D3CC8-C466-4393-BB81-D8A8AEC51D11}.Debug|x86.Build.0 = Debug|Win32
		{BA8D3CC8-C466-4393-BB81-D8A8AEC51D11}.Debug|x86.Deploy.0 = Debug|Win32
		{BA8D3CC8-C466-4393-BB81-D8A8AEC51D11}.Release|ARM.ActiveCfg = Release|ARM
		{BA8D3CC8-C466-4393-BB81-D8A8AEC51D11}.Release|ARM.Build.0 = Release|ARM
		{BA8D3CC8-C466-4393-BB81-D8A8AEC51D11}.Release|ARM.Deploy.0 = Release|ARM
		{BA8D3CC8-C466-4393-BB81-D8A8AEC51D11}.Release|ARM64.ActiveCfg = Release|ARM64
		{BA8D3CC8-C466-4393-BB81-D8A8AEC51D11}.Release|ARM64.Build.0 = Release|ARM64
		{BA8D3CC8-C466-4393-BB81-D8A8AEC51D11}.Release|ARM64.Deploy.0 = Release|ARM64
		{BA8D3CC8-C466-4393-BB81-D8A8AEC51D11}.Release|x64.ActiveCfg = Release|x64
		{BA8D3CC8-C466-4393-BB81-D8A8AEC51D11}.Release|x64.Build.0 = Release|x64
		{BA8D3CC8-C466-4393-BB81-D8A8AEC51D11}.Release|x64.Deploy.0 = Release|x64
		{BA8D3CC8-C466-4393-BB81-D8A8AEC51D11}.Release|x86.ActiveCfg = Release|Win32
		{BA8D3CC8-C466-4393-BB81-D8A8AEC51D11}.Release|x86.Build.0 = Release|Win32
		{BA8D3CC8-C466-4393-BB81-D8A8AEC51D11}.Release|x86.Deploy.0 = Release|Win32
		{22CB070F-7E27-416A-9241-D946ACB56F4A}.Debug|ARM.ActiveCfg = Debug|ARM
		{22CB070F-7E27-416A-9241-D946ACB56F4A}.Debug|ARM.Build.0 = Debug|ARM
		{22CB070F-7E27-416A-9241-D946ACB56F4A}.Debug|ARM.Deploy.0 = Debug|ARM
		{22CB070F-7E27-416A-9241-D946ACB56F4A}.Debug|ARM64.ActiveCfg = Debug|ARM64
		{22CB070F-7E27-416A-9241-D946ACB56F4A}.Debug|ARM64.Build.0 = Debug|ARM64
		{22CB070F-7E27-416A-9241-D946ACB56F4A}.Debug|ARM64.Deploy.0 = Debug|ARM64
		{22CB070F-7E27-416A-9241-D946ACB56F4A}.Debug|x64.ActiveCfg = Debug|x64
		{22CB070F-7E27-416A-9241-D946ACB56F4A}.Debug|x64.Build.0 = Debug|x64
		{22CB070F-7E27-416A-9241-D946ACB56F4A}.Debug|x64.Deploy.0 = Debug|x64
		{22CB070F-7E27-416A-9241-D946ACB56F4A}.Debug|x86.ActiveCfg = Debug|Win32
		{22CB070F-7E27-416A-9241-D946ACB56F4A}.Debug|x86.Build.0 = Debug|Win32
		{22CB070F-7E27-416A-9241-D946ACB56F4A}.Debug|x86.Deploy.0 = Debug|Win32
		{22CB070F-7E27-416A-9241-D946ACB56F4A}.Release|ARM.ActiveCfg = Release|ARM
		{22CB070F-7E27-416A-9241-D946ACB56F4A}.Release|ARM.Build.0 = Release|ARM
		{22CB070F-7E27-416A-9241-D946ACB56F4A}.Release|ARM.Deploy.0 = Release|ARM
		{22CB070F-7E27-416A-9241-D946ACB56F4A}.Release|ARM64.ActiveCfg = Release|ARM64
		{22CB070F-7E27-416A-9241-D946ACB56F4A}.Release|ARM64.Build.0 = Release|ARM64
		{22CB070F-7E27-416A-9241-D946ACB56F4A}.Release|ARM64.Deploy.0 = Release|ARM64
		{22CB070F-7E27-416A-9241-D946ACB56F4A}.Release|x64.ActiveCfg = Release|x64
		{22CB070F-7E27-416A-9241-D946ACB56F4A}.Release|x64.Build.0 = Release|x64
		{22CB070F-7E27-416A-9241-D946ACB56F4A}.Release|x64.Deploy.0 = Release|x64
		{22CB070F-7E27-416A-9241-D946ACB56F4A}.Release|x86.ActiveCfg = Release|Win32
		{22CB070F-7E27-416A-9241-D946ACB56F4A}.Release|x86.Build.0 = Release|Win32
		{22CB070F-7E27-416A-9241-D946ACB56F4A}.Release|x86.Deploy.0 = Release|Win32
		{E4BA317A-2FF7-4AF4-97B2-C653184D4844}.Debug|ARM.ActiveCfg = Debug|ARM
		{E4BA317A-2FF7-4AF4-97B2-C653184D4844}.Debug|ARM.Build.0 = Debug|ARM
		{E4BA317A-2FF7-4AF4-97B2-C653184D4844}.Debug|ARM.Deploy.0 = Debug|ARM
		{E4BA317A-2FF7-4AF4-97B2-C653184D4844}.Debug|ARM64.ActiveCfg = Debug|ARM64
		{E4BA317A-2FF7-4AF4-97B2-C653184D4844}.Debug|ARM64.Build.0 = Debug|ARM64
		{E4BA317A-2FF7-4AF4-97B2-C653184D4844}.Debug|ARM64.Deploy.0 = Debug|ARM64
		{E4BA317A-2FF7-4AF4-97B2-C653184D4844}.Debug|x64.ActiveCfg = Debug|x64
		{E4BA317A-2FF7-4AF4-97B2-C653184D4844}.Debug|x64.Build.0 = Debug|x64
		{E4BA317A-2FF7-4AF4-97B2-C653184D4844}.Debug|x64.Deploy.0 = Debug|x64
		{E4BA317A-2FF7-4AF4-97B2-C653184D4844}.Debug|x86.ActiveCfg = Debug|Win32
		{E4BA317A-2FF7-4AF4-97B2-C653184D4844}.Debug|x86.Build.0 = Debug|Win32
		{E4BA317A-2FF7-4AF4-97B2-C653184D4844}.Debug|x86.Deploy.0 = Debug|Win32
		{E4BA317A-2FF7-4AF4-97B2-C653184D4844}.Release|ARM.ActiveCfg = Release|ARM
		{E4BA317A-2FF7-4AF4-97B2-C653184D4844}.Release|ARM.Build.0 = Release|ARM
		{E4BA317A-2FF7-4AF4-97B2-C653184D4844}.Release|ARM.Deploy.0 = Release|ARM
		{E4BA317A-2FF7-4AF4-97B2-C653184D4844}.Release|ARM64.ActiveCfg = Release|ARM64
		{E4BA317A-2FF7-4AF4-97B2-C653184D4844}.Release|ARM64.Build.0 = Release|ARM64
		{E4BA317A-2FF7-4AF4-97B2-C653184D4844}.Release|ARM64.Deploy.0 = Release|ARM64
		{E4BA317A-2FF7-4AF4-97B2-C653184D4844}.Release|x64.ActiveCfg = Release|x64
		{E4BA317A-2FF7-4AF4-97B2-C653184D4844}.Release|x64.Build.0 = Release|x64
		{E4BA317A-2FF7-4AF4-97B2-C653184D4844}.Release|x64.Deploy.0 = Release|x64
		{E4BA317A-2FF7-4AF4-97B2-C653184D4844}.Release|x86.ActiveCfg = Release|Win32
		{E4BA317A-2FF7-4AF4-97B2-C653184D4844}.Release|x86.Build.0 = Release|Win32
		{E4BA317A-2FF7-4AF4-97B2-C653184D4844}.Release|x86.Deploy.0 = Release|Win32
		{458B0186-4978-4436-AC4F-8CFBF5626C4D}.Debug|ARM.ActiveCfg = Debug|Win32
		{458B0186-4978-4436-AC4F-8CFBF5626C4D}.Debug|ARM64.ActiveCfg = Debug|Win32
		{458B0186-4978-4436-AC4F-8CFBF5626C4D}.Debug|x64.ActiveCfg = Debug|x64
		{458B0186-4978-4436-AC4F-8CFBF5626C4D}.Debug|x64.Build.0 = Debug|x64
		{458B0186-4978-4436-AC4F-8CFBF5626C4D}.Debug|x86.ActiveCfg = Debug|Win32
		{458B0186-4978-4436-AC4F-8CFBF5626C4D}.Debug|x86.Build.0 = Debug|Win32
		{458B0186-4978-4436-AC4F-8CFBF5626C4D}.Release|ARM.ActiveCfg = Release|Win32
		{458B0186-4978-4436-AC4F-8CFBF5626C4D}.Release|ARM64.ActiveCfg = Release|Win32
		{458B0186-4978-4436-AC4F-8CFBF5626C4D}.Release|x64.ActiveCfg = Release|x64
		{458B0186-4978-4436-AC4F-8CFBF5626C4D}.Release|x64.Build.0 = Release|x64
		{458B0186-4978-4436-AC4F-8CFBF5626C4D}.Release|x86.ActiveCfg = Release|Win32
		{458B0186-4978-4436-AC4F-8CFBF5626C4D}.Release|x86.Build.0 = Release|Win32
		{069F4B8E-C663-4AC7-957B-83EE72F561DE}.Debug|ARM.ActiveCfg = Debug|ARM
		{069F4B8E-C663-4AC7-957B-83EE72F561DE}.Debug|ARM.Build.0 = Debug|ARM
		{069F4B8E-C663-4AC7-957B-83EE72F561DE}.Debug|ARM.Deploy.0 = Debug|ARM
		{069F4B8E-C663-4AC7-957B-83EE72F561DE}.Debug|ARM64.ActiveCfg = Debug|ARM64
		{069F4B8E-C663-4AC7-957B-83EE72F561DE}.Debug|ARM64.Build.0 = Debug|ARM64
		{069F4B8E-C663-4AC7-957B-83EE72F561DE}.Debug|ARM64.Deploy.0 = Debug|ARM64
		{069F4B8E-C663-4AC7-957B-83EE72F561DE}.Debug|x64.ActiveCfg = Debug|x64
		{069F4B8E-C663-4AC7-957B-83EE72F561DE}.Debug|x64.Build.0 = Debug|x64
		{069F4B8E-C663-4AC7-957B-83EE72F561DE}.Debug|x64.Deploy.0 = Debug|x64
		{069F4B8E-C663-4AC7-957B-83EE72F561DE}.Debug|x86.ActiveCfg = Debug|Win32
		{069F4B8E-C663-4AC7-957B-83EE72F561DE}.Debug|x86.Build.0 = Debug|Win32
		{069F4B8E-C663-4AC7-957B-83EE72F561DE}.Debug|x86.Deploy.0 = Debug|Win32
		{069F4B8E-C663-4AC7-957B-83EE72F561DE}.Release|ARM.ActiveCfg = Release|ARM
		{069F4B8E-C663-4AC7-957B-83EE72F561DE}.Release|ARM.Build.0 = Release|ARM
		{069F4B8E-C663-4AC7-957B-83EE72F561DE}.Release|ARM.Deploy.0 = Release|ARM
		{069F4B8E-C663-4AC7-957B-83EE72F561DE}.Release|ARM64.ActiveCfg = Release|ARM64
		{069F4B8E-C663-4AC7-957B-83EE72F561DE}.Release|ARM64.Build.0 = Release|ARM64
		{069F4B8E-C663-4AC7-957B-83EE72F561DE}.Release|ARM64.Deploy.0 = Release|ARM64
		{069F4B8E-C663-4AC7-957B-83EE72F561DE}.Release|x64.ActiveCfg = Release|x64
		{069F4B8E-C663-4AC7-957B-83EE72F561DE}.Release|x64.Build.0 = Release|x64
		{069F4B8E-C663-4AC7-957B-83EE72F561DE}.Release|x64.Deploy.0 = Release|x64
		{069F4B8E-C663-4AC7-957B-83EE72F561DE}.Release|x86.ActiveCfg = Release|Win32
		{069F4B8E-C663-4AC7-957B-83EE72F561DE}.Release|x86.Build.0 = Release|Win32
		{069F4B8E-C663-4AC7-957B-83EE72F561DE}.Release|x86.Deploy.0 = Release|Win32
		{18E0CD2C-DD01-4E20-8F1E-1164C5B5CAAC}.Debug|ARM.ActiveCfg = Debug|ARM
		{18E0CD2C-DD01-4E20-8F1E-1164C5B5CAAC}.Debug|ARM.Build.0 = Debug|ARM
		{18E0CD2C-DD01-4E20-8F1E-1164C5B5CAAC}.Debug|ARM.Deploy.0 = Debug|ARM
		{18E0CD2C-DD01-4E20-8F1E-1164C5B5CAAC}.Debug|ARM64.ActiveCfg = Debug|ARM64
		{18E0CD2C-DD01-4E20-8F1E-1164C5B5CAAC}.Debug|ARM64.Build.0 = Debug|ARM64
		{18E0CD2C-DD01-4E20-8F1E-1164C5B5CAAC}.Debug|ARM64.Deploy.0 = Debug|ARM64
		{18E0CD2C-DD01-4E20-8F1E-1164C5B5CAAC}.Debug|x64.ActiveCfg = Debug|x64
		{18E0CD2C-DD01-4E20-8F1E-1164C5B5CAAC}.Debug|x64.Build.0 = Debug|x64
		{18E0CD2C-DD01-4E20-8F1E-1164C5B5CAAC}.Debug|x64.Deploy.0 = Debug|x64
		{18E0CD2C-DD01-4E20-8F1E-1164C5B5CAAC}.Debug|x86.ActiveCfg = Debug|Win32
		{18E0CD2C-DD01-4E20-8F1E-1164C5B5CAAC}.Debug|x86.Build.0 = Debug|Win32
		{18E0CD2C-DD01-4E20-8F1E-1164C5B5CAAC}.Debug|x86.Deploy.0 = Debug|Win32
		{18E0CD2C-DD01-4E20-8F1E-1164C5B5CAAC}.Release|ARM.ActiveCfg = Release|ARM
		{18E0CD2C-DD01-4E20-8F1E-1164C5B5CAAC}.Release|ARM.Build.0 = Release|ARM
		{18E0CD2C-DD01-4E20-8F1E-1164C5B5CAAC}.Release|ARM.Deploy.0 = Release|ARM
		{18E0CD2C-DD01-4E20-8F1E-1164C5B5CAAC}.Release|ARM64.ActiveCfg = Release|ARM64
		{18E0CD2C-DD01-4E20-8F1E-1164C5B5CAAC}.Release|ARM64.Build.0 = Release|ARM64
		{18E0CD2C-DD01-4E20-8F1E-1164C5B5CAAC}.Release|ARM64.Deploy.0 = Release|ARM64
		{18E0CD2C-DD01-4E20-8F1E-1164C5B5CAAC}.Release|x64.ActiveCfg = Release|x64
		{18E0CD2C-DD01-4E20-8F1E-1164C5B5CAAC}.Release|x64.Build.0 = Release|x64
		{18E0CD2C-DD01-4E20-8F1E-1164C5B5CAAC}.Release|x64.Deploy.0 = Release|x64
		{18E0CD2C-DD01-4E20-8F1E-1164C5B5CAAC}.Release|x86.ActiveCfg = Release|Win32
		{18E0CD2C-DD01-4E20-8F1E-1164C5B5CAAC}.Release|x86.Build.0 = Release|Win32
		{18E0CD2C-DD01-4E20-8F1E-1164C5B5CAAC}.Release|x86.Deploy.0 = Release|Win32
		{354F293E-5508-4633-B0AA-472EA94154A6}.Debug|ARM.ActiveCfg = Debug|ARM
		{354F293E-5508-4633-B0AA-472EA94154A6}.Debug|ARM.Build.0 = Debug|ARM
		{354F293E-5508-4633-B0AA-472EA94154A6}.Debug|ARM.Deploy.0 = Debug|ARM
		{354F293E-5508-4633-B0AA-472EA94154A6}.Debug|ARM64.ActiveCfg = Debug|ARM64
		{354F293E-5508-4633-B0AA-472EA94154A6}.Debug|ARM64.Build.0 = Debug|ARM64
		{354F293E-5508-4633-B0AA-472EA94154A6}.Debug|ARM64.Deploy.0 = Debug|ARM64
		{354F293E-5508-4633-B0AA-472EA94154A6}.Debug|x64.ActiveCfg = Debug|x64
		{354F293E-5508-4633-B0AA-472EA94154A6}.Debug|x64.Build.0 = Debug|x64
		{354F293E-5508-4633-B0AA-472EA94154A6}.Debug|x64.Deploy.0 = Debug|x64
		{354F293E-5508-4633-B0AA-472EA94154A6}.Debug|x86.ActiveCfg = Debug|Win32
		{354F293E-5508-4633-B0AA-472EA94154A6}.Debug|x86.Build.0 = Debug|Win32
		{354F293E-5508-4633-B0AA-472EA94154A6}.Debug|x86.Deploy.0 = Debug|Win32
		{354F293E-5508-4633-B0AA-472EA94154A6}.Release|ARM.ActiveCfg = Release|ARM
		{354F293E-5508-4633-B0AA-472EA94154A6}.Release|ARM.Build.0 = Release|ARM
		{354F293E-5508-4633-B0AA-472EA94154A6}.Release|ARM.Deploy.0 = Release|ARM
		{354F293E-5508-4633-B0AA-472EA94154A6}.Release|ARM64.ActiveCfg = Release|ARM64
		{354F293E-5508-4633-B0AA-472EA94154A6}.Release|ARM64.Build.0 = Release|ARM64
		{354F293E-5508-4633-B0AA-472EA94154A6}.Release|ARM64.Deploy.0 = Release|ARM64
		{354F293E-5508-4633-B0AA-472EA94154A6}.Release|x64.ActiveCfg = Release|x64
		{354F293E-5508-4633-B0AA-472EA94154A6}.Release|x64.Build.0 = Release|x64
		{354F293E-5508-4633-B0AA-472EA94154A6}.Release|x64.Deploy.0 = Release|x64
		{354F293E-5508-4633-B0AA-472EA94154A6}.Release|x86.ActiveCfg = Release|Win32
		{354F293E-5508-4633-B0AA-472EA94154A6}.Release|x86.Build.0 = Release|Win32
		{354F293E-5508-4633-B0AA-472EA94154A6}.Release|x86.Deploy.0 = Release|Win32
		{ED8E44A0-3FF2-4D82-96AB-B1606055FC30}.Debug|ARM.ActiveCfg = Debug|ARM
		{ED8E44A0-3FF2-4D82-96AB-B1606055FC30}.Debug|ARM.Build.0 = Debug|ARM
		{ED8E44A0-3FF2-4D82-96AB-B1606055FC30}.Debug|ARM.Deploy.0 = Debug|ARM
		{ED8E44A0-3FF2-4D82-96AB-B1606055FC30}.Debug|ARM64.ActiveCfg = Debug|ARM64
		{ED8E44A0-3FF2-4D82-96AB-B1606055FC30}.Debug|ARM64.Build.0 = Debug|ARM64
		{ED8E44A0-3FF2-4D82-96AB-B1606055FC30}.Debug|ARM64.Deploy.0 = Debug|ARM64
		{ED8E44A0-3FF2-4D82-96AB-B1606055FC30}.Debug|x64.ActiveCfg = Debug|x64
		{ED8E44A0-3FF2-4D82-96AB-B1606055FC30}.Debug|x64.Build.0 = Debug|x64
		{ED8E44A0-3FF2-4D82-96AB-B1606055FC30}.Debug|x64.Deploy.0 = Debug|x64
		{ED8E44A0-3FF2-4D82-96AB-B1606055FC30}.Debug|x86.ActiveCfg = Debug|Win32
		{ED8E44A0-3FF2-4D82-96AB-B1606055FC30}.Debug|x86.Build.0 = Debug|Win32
		{ED8E44A0-3FF2-4D82-96AB-B1606055FC30}.Debug|x86.Deploy.0 = Debug|Win32
		{ED8E44A0-3FF2-4D82-96AB-B1606055FC30}.Release|ARM.ActiveCfg = Release|ARM
		{ED8E44A0-3FF2-4D82-96AB-B1606055FC30}.Release|ARM.Build.0 = Release|ARM
		{ED8E44A0-3FF2-4D82-96AB-B1606055FC30}.Release|ARM.Deploy.0 = Release|ARM
		{ED8E44A0-3FF2-4D82-96AB-B1606055FC30}.Release|ARM64.ActiveCfg = Release|ARM64
		{ED8E44A0-3FF2-4D82-96AB-B1606055FC30}.Release|ARM64.Build.0 = Release|ARM64
		{ED8E44A0-3FF2-4D82-96AB-B1606055FC30}.Release|ARM64.Deploy.0 = Release|ARM64
		{ED8E44A0-3FF2-4D82-96AB-B1606055FC30}.Release|x64.ActiveCfg = Release|x64
		{ED8E44A0-3FF2-4D82-96AB-B1606055FC30}.Release|x64.Build.0 = Release|x64
		{ED8E44A0-3FF2-4D82-96AB-B1606055FC30}.Release|x64.Deploy.0 = Release|x64
		{ED8E44A0-3FF2-4D82-96AB-B1606055FC30}.Release|x86.ActiveCfg = Release|Win32
		{ED8E44A0-3FF2-4D82-96AB-B1606055FC30}.Release|x86.Build.0 = Release|Win32
		{ED8E44A0-3FF2-4D82-96AB-B1606055FC30}.Release|x86.Deploy.0 = Release|Win32
		{B1DEC1FB-FB01-4887-B6F4-7CF0E0102FC1}.Debug|ARM.ActiveCfg = Debug|ARM
		{B1DEC1FB-FB01-4887-B6F4-7CF0E0102FC1}.Debug|ARM.Build.0 = Debug|ARM
		{B1DEC1FB-FB01-4887-B6F4-7CF0E0102FC1}.Debug|ARM.Deploy.0 = Debug|ARM
		{B1DEC1FB-FB01-4887-B6F4-7CF0E0102FC1}.Debug|ARM64.ActiveCfg = Debug|ARM64
		{B1DEC1FB-FB01-4887-B6F4-7CF0E0102FC1}.Debug|ARM64.Build.0 = Debug|ARM64
		{B1DEC1FB-FB01-4887-B6F4-7CF0E0102FC1}.Debug|ARM64.Deploy.0 = Debug|ARM64
		{B1DEC1FB-FB01-4887-B6F4-7CF0E0102FC1}.Debug|x64.ActiveCfg = Debug|x64
		{B1DEC1FB-FB01-4887-B6F4-7CF0E0102FC1}.Debug|x64.Build.0 = Debug|x64
		{B1DEC1FB-FB01-4887-B6F4-7CF0E0102FC1}.Debug|x64.Deploy.0 = Debug|x64
		{B1DEC1FB-FB01-4887-B6F4-7CF0E0102FC1}.Debug|x86.ActiveCfg = Debug|Win32
		{B1DEC1FB-FB01-4887-B6F4-7CF0E0102FC1}.Debug|x86.Build.0 = Debug|Win32
		{B1DEC1FB-FB01-4887-B6F4-7CF0E0102FC1}.Debug|x86.Deploy.0 = Debug|Win32
		{B1DEC1FB-FB01-4887-B6F4-7CF0E0102FC1}.Release|ARM.ActiveCfg = Release|ARM
		{B1DEC1FB-FB01-4887-B6F4-7CF0E0102FC1}.Release|ARM.Build.0 = Release|ARM
		{B1DEC1FB-FB01-4887-B6F4-7CF0E0102FC1}.Release|ARM.Deploy.0 = Release|ARM
		{B1DEC1FB-FB01-4887-B6F4-7CF0E0102FC1}.Release|ARM64.ActiveCfg = Release|ARM64
		{B1DEC1FB-FB01-4887-B6F4-7CF0E0102FC1}.Release|ARM64.Build.0 = Release|ARM64
		{B1DEC1FB-FB01-4887-B6F4-7CF0E0102FC1}.Release|ARM64.Deploy.0 = Release|ARM64
		{B1DEC1FB-FB01-4887-B6F4-7CF0E0102FC1}.Release|x64.ActiveCfg = Release|x64
		{B1DEC1FB-FB01-4887-B6F4-7CF0E0102FC1}.Release|x64.Build.0 = Release|x64
		{B1DEC1FB-FB01-4887-B6F4-7CF0E0102FC1}.Release|x64.Deploy.0 = Release|x64
		{B1DEC1FB-FB01-4887-B6F4-7CF0E0102FC1}.Release|x86.ActiveCfg = Release|Win32
		{B1DEC1FB-FB01-4887-B6F4-7CF0E0102FC1}.Release|x86.Build.0 = Release|Win32
		{B1DEC1FB-FB01-4887-B6F4-7CF0E0102FC1}.Release|x86.Deploy.0 = Release|Win32
		{5C67FA75-6F22-41D7-95AD-39F093997C86}.Debug|ARM.ActiveCfg = Debug|ARM
		{5C67FA75-6F22-41D7-95AD-39F093997C86}.Debug|ARM.Build.0 = Debug|ARM
		{5C67FA75-6F22-41D7-95AD-39F093997C86}.Debug|ARM.Deploy.0 = Debug|ARM
		{5C67FA75-6F22-41D7-95AD-39F093997C86}.Debug|ARM64.ActiveCfg = Debug|ARM64
		{5C67FA75-6F22-41D7-95AD-39F093997C86}.Debug|ARM64.Build.0 = Debug|ARM64
		{5C67FA75-6F22-41D7-95AD-39F093997C86}.Debug|ARM64.Deploy.0 = Debug|ARM64
		{5C67FA75-6F22-41D7-95AD-39F093997C86}.Debug|x64.ActiveCfg = Debug|x64
		{5C67FA75-6F22-41D7-95AD-39F093997C86}.Debug|x64.Build.0 = Debug|x64
		{5C67FA75-6F22-41D7-95AD-39F093997C86}.Debug|x64.Deploy.0 = Debug|x64
		{5C67FA75-6F22-41D7-95AD-39F093997C86}.Debug|x86.ActiveCfg = Debug|Win32
		{5C67FA75-6F22-41D7-95AD-39F093997C86}.Debug|x86.Build.0 = Debug|Win32
		{5C67FA75-6F22-41D7-95AD-39F093997C86}.Debug|x86.Deploy.0 = Debug|Win32
		{5C67FA75-6F22-41D7-95AD-39F093997C86}.Release|ARM.ActiveCfg = Release|ARM
		{5C67FA75-6F22-41D7-95AD-39F093997C86}.Release|ARM.Build.0 = Release|ARM
		{5C67FA75-6F22-41D7-95AD-39F093997C86}.Release|ARM.Deploy.0 = Release|ARM
		{5C67FA75-6F22-41D7-95AD-39F093997C86}.Release|ARM64.ActiveCfg = Release|ARM64
		{5C67FA75-6F22-41D7-95AD-39F093997C86}.Release|ARM64.Build.0 = Release|ARM64
		{5C67FA75-6F22-41D7-95AD-39F093997C86}.Release|ARM64.Deploy.0 = Release|ARM64
		{5C67FA75-6F22-41D7-95AD-39F093997C86}.Release|x64.ActiveCfg = Release|x64
		{5C67FA75-6F22-41D7-95AD-39F093997C86}.Release|x64.Build.0 = Release|x64
		{5C67FA75-6F22-41D7-95AD-39F093997C86}.Release|x64.Deploy.0 = Release|x64
		{5C67FA75-6F22-41D7-95AD-39F093997C86}.Release|x86.ActiveCfg = Release|Win32
		{5C67FA75-6F22-41D7-95AD-39F093997C86}.Release|x86.Build.0 = Release|Win32
		{5C67FA75-6F22-41D7-95AD-39F093997C86}.Release|x86.Deploy.0 = Release|Win32
		{2E174DA4-67D8-4B1D-81F2-063FA28B9B6F}.Debug|ARM.ActiveCfg = Debug|ARM
		{2E174DA4-67D8-4B1D-81F2-063FA28B9B6F}.Debug|ARM.Build.0 = Debug|ARM
		{2E174DA4-67D8-4B1D-81F2-063FA28B9B6F}.Debug|ARM.Deploy.0 = Debug|ARM
		{2E174DA4-67D8-4B1D-81F2-063FA28B9B6F}.Debug|ARM64.ActiveCfg = Debug|ARM64
		{2E174DA4-67D8-4B1D-81F2-063FA28B9B6F}.Debug|ARM64.Build.0 = Debug|ARM64
		{2E174DA4-67D8-4B1D-81F2-063FA28B9B6F}.Debug|ARM64.Deploy.0 = Debug|ARM64
		{2E174DA4-67D8-4B1D-81F2-063FA28B9B6F}.Debug|x64.ActiveCfg = Debug|x64
		{2E174DA4-67D8-4B1D-81F2-063FA28B9B6F}.Debug|x64.Build.0 = Debug|x64
		{2E174DA4-67D8-4B1D-81F2-063FA28B9B6F}.Debug|x64.Deploy.0 = Debug|x64
		{2E174DA4-67D8-4B1D-81F2-063FA28B9B6F}.Debug|x86.ActiveCfg = Debug|Win32
		{2E174DA4-67D8-4B1D-81F2-063FA28B9B6F}.Debug|x86.Build.0 = Debug|Win32
		{2E174DA4-67D8-4B1D-81F2-063FA28B9B6F}.Debug|x86.Deploy.0 = Debug|Win32
		{2E174DA4-67D8-4B1D-81F2-063FA28B9B6F}.Release|ARM.ActiveCfg = Release|ARM
		{2E174DA4-67D8-4B1D-81F2-063FA28B9B6F}.Release|ARM.Build.0 = Release|ARM
		{2E174DA4-67D8-4B1D-81F2-063FA28B9B6F}.Release|ARM.Deploy.0 = Release|ARM
		{2E174DA4-67D8-4B1D-81F2-063FA28B9B6F}.Release|ARM64.ActiveCfg = Release|ARM64
		{2E174DA4-67D8-4B1D-81F2-063FA28B9B6F}.Release|ARM64.Build.0 = Release|ARM64
		{2E174DA4-67D8-4B1D-81F2-063FA28B9B6F}.Release|ARM64.Deploy.0 = Release|ARM64
		{2E174DA4-67D8-4B1D-81F2-063FA28B9B6F}.Release|x64.ActiveCfg = Release|x64
		{2E174DA4-67D8-4B1D-81F2-063FA28B9B6F}.Release|x64.Build.0 = Release|x64
		{2E174DA4-67D8-4B1D-81F2-063FA28B9B6F}.Release|x64.Deploy.0 = Release|x64
		{2E174DA4-67D8-4B1D-81F2-063FA28B9B6F}.Release|x86.ActiveCfg = Release|Win32
		{2E174DA4-67D8-4B1D-81F2-063FA28B9B6F}.Release|x86.Build.0 = Release|Win32
		{2E174DA4-67D8-4B1D-81F2-063FA28B9B6F}.Release|x86.Deploy.0 = Release|Win32
		{9FFAC1DE-3286-413C-95D7-4D3C69139819}.Debug|ARM.ActiveCfg = Debug|ARM
		{9FFAC1DE-3286-413C-95D7-4D3C69139819}.Debug|ARM.Build.0 = Debug|ARM
		{9FFAC1DE-3286-413C-95D7-4D3C69139819}.Debug|ARM.Deploy.0 = Debug|ARM
		{9FFAC1DE-3286-413C-95D7-4D3C69139819}.Debug|ARM64.ActiveCfg = Debug|ARM64
		{9FFAC1DE-3286-413C-95D7-4D3C69139819}.Debug|ARM64.Build.0 = Debug|ARM64
		{9FFAC1DE-3286-413C-95D7-4D3C69139819}.Debug|ARM64.Deploy.0 = Debug|ARM64
		{9FFAC1DE-3286-413C-95D7-4D3C69139819}.Debug|x64.ActiveCfg = Debug|x64
		{9FFAC1DE-3286-413C-95D7-4D3C69139819}.Debug|x64.Build.0 = Debug|x64
		{9FFAC1DE-3286-413C-95D7-4D3C69139819}.Debug|x64.Deploy.0 = Debug|x64
		{9FFAC1DE-3286-413C-95D7-4D3C69139819}.Debug|x86.ActiveCfg = Debug|Win32
		{9FFAC1DE-3286-413C-95D7-4D3C69139819}.Debug|x86.Build.0 = Debug|Win32
		{9FFAC1DE-3286-413C-95D7-4D3C69139819}.Debug|x86.Deploy.0 = Debug|Win32
		{9FFAC1DE-3286-413C-95D7-4D3C69139819}.Release|ARM.ActiveCfg = Release|ARM
		{9FFAC1DE-3286-413C-95D7-4D3C69139819}.Release|ARM.Build.0 = Release|ARM
		{9FFAC1DE-3286-413C-95D7-4D3C69139819}.Release|ARM.Deploy.0 = Release|ARM
		{9FFAC1DE-3286-413C-95D7-4D3C69139819}.Release|ARM64.ActiveCfg = Release|ARM64
		{9FFAC1DE-3286-413C-95D7-4D3C69139819}.Release|ARM64.Build.0 = Release|ARM64
		{9FFAC1DE-3286-413C-95D7-4D3C69139819}.Release|ARM64.Deploy.0 = Release|ARM64
		{9FFAC1DE-3286-413C-95D7-4D3C69139819}.Release|x64.ActiveCfg = Release|x64
		{9FFAC1DE-3286-413C-95D7-4D3C69139819}.Release|x64.Build.0 = Release|x64
		{9FFAC1DE-3286-413C-95D7-4D3C69139819}.Release|x64.Deploy.0 = Release|x64
		{9FFAC1DE-3286-413C-95D7-4D3C69139819}.Release|x86.ActiveCfg = Release|Win32
		{9FFAC1DE-3286-413C-95D7-4D3C69139819}.Release|x86.Build.0 = Release|Win32
		{9FFAC1DE-3286-413C-95D7-4D3C69139819}.Release|x86.Deploy.0 = Release|Win32
		{E1DAB884-49EC-4550-9986-AEAC9E822F20}.Debug|ARM.ActiveCfg = Debug|ARM
		{E1DAB884-49EC-4550-9986-AEAC9E822F20}.Debug|ARM.Build.0 = Debug|ARM
		{E1DAB884-49EC-4550-9986-AEAC9E822F20}.Debug|ARM.Deploy.0 = Debug|ARM
		{E1DAB884-49EC-4550-9986-AEAC9E822F20}.Debug|ARM64.ActiveCfg = Debug|ARM64
		{E1DAB884-49EC-4550-9986-AEAC9E822F20}.Debug|ARM64.Build.0 = Debug|ARM64
		{E1DAB884-49EC-4550-9986-AEAC9E822F20}.Debug|ARM64.Deploy.0 = Debug|ARM64
		{E1DAB884-49EC-4550-9986-AEAC9E822F20}.Debug|x64.ActiveCfg = Debug|x64
		{E1DAB884-49EC-4550-9986-AEAC9E822F20}.Debug|x64.Build.0 = Debug|x64
		{E1DAB884-49EC-4550-9986-AEAC9E822F20}.Debug|x64.Deploy.0 = Debug|x64
		{E1DAB884-49EC-4550-9986-AEAC9E822F20}.Debug|x86.ActiveCfg = Debug|Win32
		{E1DAB884-49EC-4550-9986-AEAC9E822F20}.Debug|x86.Build.0 = Debug|Win32
		{E1DAB884-49EC-4550-9986-AEAC9E822F20}.Debug|x86.Deploy.0 = Debug|Win32
		{E1DAB884-49EC-4550-9986-AEAC9E822F20}.Release|ARM.ActiveCfg = Release|ARM
		{E1DAB884-49EC-4550-9986-AEAC9E822F20}.Release|ARM.Build.0 = Release|ARM
		{E1DAB884-49EC-4550-9986-AEAC9E822F20}.Release|ARM.Deploy.0 = Release|ARM
		{E1DAB884-49EC-4550-9986-AEAC9E822F20}.Release|ARM64.ActiveCfg = Release|ARM64
		{E1DAB884-49EC-4550-9986-AEAC9E822F20}.Release|ARM64.Build.0 = Release|ARM64
		{E1DAB884-49EC-4550-9986-AEAC9E822F20}.Release|ARM64.Deploy.0 = Release|ARM64
		{E1DAB884-49EC-4550-9986-AEAC9E822F20}.Release|x64.ActiveCfg = Release|x64
		{E1DAB884-49EC-4550-9986-AEAC9E822F20}.Release|x64.Build.0 = Release|x64
		{E1DAB884-49EC-4550-9986-AEAC9E822F20}.Release|x64.Deploy.0 = Release|x64
		{E1DAB884-49EC-4550-9986-AEAC9E822F20}.Release|x86.ActiveCfg = Release|Win32
		{E1DAB884-49EC-4550-9986-AEAC9E822F20}.Release|x86.Build.0 = Release|Win32
		{E1DAB884-49EC-4550-9986-AEAC9E822F20}.Release|x86.Deploy.0 = Release|Win32
	EndGlobalSection
	GlobalSection(SolutionProperties) = preSolution
		HideSolutionNode = FALSE
	EndGlobalSection
	GlobalSection(ExtensibilityGlobals) = postSolution
		SolutionGuid = {6EDF88B1-3546-48FC-A9DE-395D4B076F23}
	EndGlobalSection
EndGlobal
